PODS:
  - Differentiator (4.0.1)
  - Kingfisher (5.15.8):
    - Kingfisher/Core (= 5.15.8)
  - Kingfisher/Core (5.15.8)
  - NVActivityIndicatorView (5.1.1):
    - NVActivityIndicatorView/Base (= 5.1.1)
  - NVActivityIndicatorView/Base (5.1.1)
  - RxCocoa (5.1.1):
    - RxRelay (~> 5)
    - RxSwift (~> 5)
  - RxDataSources (4.0.1):
    - Differentiator (~> 4.0)
    - RxCocoa (~> 5.0)
    - RxSwift (~> 5.0)
  - RxRelay (5.1.1):
    - RxSwift (~> 5)
  - RxSwift (5.1.1)

DEPENDENCIES:
  - Kingfisher
  - NVActivityIndicatorView
  - RxCocoa
  - RxDataSources
  - RxSwift

SPEC REPOS:
  trunk:
    - Differentiator
    - Kingfisher
    - NVActivityIndicatorView
    - RxCocoa
    - RxDataSources
    - RxRelay
    - RxSwift

SPEC CHECKSUMS:
  Differentiator: 886080237d9f87f322641dedbc5be257061b0602
  Kingfisher: a3c03d702433fa6cfedabb2bddbe076fb8f2e902
  NVActivityIndicatorView: 1f6c5687f1171810aa27a3296814dc2d7dec3667
  RxCocoa: 32065309a38d29b5b0db858819b5bf9ef038b601
  RxDataSources: efee07fa4de48477eca0a4611e6d11e2da9c1114
  RxRelay: d77f7d771495f43c556cbc43eebd1bb54d01e8e9
  RxSwift: 81470a2074fa8780320ea5fe4102807cb7118178

PODFILE CHECKSUM: d9d6fa936c76524ecf461611082b544e355623ef

COCOAPODS: 1.10.0
