// !$*UTF8*$!
{
	archiveVersion = 1;
	classes = {
	};
	objectVersion = 52;
	objects = {

/* Begin PBXBuildFile section */
		722C7CB325456F630086198C /* ResendCodeTextViewDelegate.swift in Sources */ = {isa = PBXBuildFile; fileRef = 722C7CB225456F630086198C /* ResendCodeTextViewDelegate.swift */; };
		7240BF13253E0E7600C00BB9 /* AppDelegate.swift in Sources */ = {isa = PBXBuildFile; fileRef = 7240BF12253E0E7600C00BB9 /* AppDelegate.swift */; };
		7240BF17253E0E7600C00BB9 /* LoginViewController.swift in Sources */ = {isa = PBXBuildFile; fileRef = 7240BF16253E0E7600C00BB9 /* LoginViewController.swift */; };
		7240BF1C253E0E7A00C00BB9 /* Assets.xcassets in Resources */ = {isa = PBXBuildFile; fileRef = 7240BF1B253E0E7A00C00BB9 /* Assets.xcassets */; };
		7240BF1F253E0E7A00C00BB9 /* LaunchScreen.storyboard in Resources */ = {isa = PBXBuildFile; fileRef = 7240BF1D253E0E7A00C00BB9 /* LaunchScreen.storyboard */; };
		7286E5102542380D0027A69B /* ColorHelper.swift in Sources */ = {isa = PBXBuildFile; fileRef = 7286E50F2542380D0027A69B /* ColorHelper.swift */; };
		7286E5122542398F0027A69B /* FontsHelper.swift in Sources */ = {isa = PBXBuildFile; fileRef = 7286E5112542398F0027A69B /* FontsHelper.swift */; };
		7286E51425423A160027A69B /* LoginStrings.swift in Sources */ = {isa = PBXBuildFile; fileRef = 7286E51325423A160027A69B /* LoginStrings.swift */; };
		7286E51625423A640027A69B /* StringsHelper.swift in Sources */ = {isa = PBXBuildFile; fileRef = 7286E51525423A640027A69B /* StringsHelper.swift */; };
		7286E51B2542B9CB0027A69B /* ConstantsHelper.swift in Sources */ = {isa = PBXBuildFile; fileRef = 7286E51A2542B9CB0027A69B /* ConstantsHelper.swift */; };
		7286E51D2542BA940027A69B /* Checkbox.swift in Sources */ = {isa = PBXBuildFile; fileRef = 7286E51C2542BA940027A69B /* Checkbox.swift */; };
		7286E5202542DEA40027A69B /* TermsOfUseTextViewDelegate.swift in Sources */ = {isa = PBXBuildFile; fileRef = 7286E51F2542DEA40027A69B /* TermsOfUseTextViewDelegate.swift */; };
		7286E5252542E7610027A69B /* TermsOfUseViewController.swift in Sources */ = {isa = PBXBuildFile; fileRef = 7286E5242542E7610027A69B /* TermsOfUseViewController.swift */; };
		7286E5282542E79D0027A69B /* TermsOfUseStrings.swift in Sources */ = {isa = PBXBuildFile; fileRef = 7286E5272542E79D0027A69B /* TermsOfUseStrings.swift */; };
		7286E52A2542ECA70027A69B /* CodeConfirmationView.swift in Sources */ = {isa = PBXBuildFile; fileRef = 7286E5292542ECA70027A69B /* CodeConfirmationView.swift */; };
		7286E52C254311AC0027A69B /* CodeConfirmationTextFieldDelegate.swift in Sources */ = {isa = PBXBuildFile; fileRef = 7286E52B254311AC0027A69B /* CodeConfirmationTextFieldDelegate.swift */; };
		7286E52E254312C50027A69B /* NumberInputView.swift in Sources */ = {isa = PBXBuildFile; fileRef = 7286E52D254312C50027A69B /* NumberInputView.swift */; };
		72A1DBD62545A764005A047A /* BaseNetworkManager.swift in Sources */ = {isa = PBXBuildFile; fileRef = 72A1DBD52545A764005A047A /* BaseNetworkManager.swift */; };
		72A1DBD92545AC45005A047A /* NetworkManager.swift in Sources */ = {isa = PBXBuildFile; fileRef = 72A1DBD82545AC45005A047A /* NetworkManager.swift */; };
		72A1DBDC2545AC65005A047A /* HTTPMethod.swift in Sources */ = {isa = PBXBuildFile; fileRef = 72A1DBDB2545AC65005A047A /* HTTPMethod.swift */; };
		72A1DBDE2545B23A005A047A /* RequestError.swift in Sources */ = {isa = PBXBuildFile; fileRef = 72A1DBDD2545B23A005A047A /* RequestError.swift */; };
		72A1DBE02545B424005A047A /* LoginInteractor.swift in Sources */ = {isa = PBXBuildFile; fileRef = 72A1DBDF2545B424005A047A /* LoginInteractor.swift */; };
		72A1DBE22545B472005A047A /* Response.swift in Sources */ = {isa = PBXBuildFile; fileRef = 72A1DBE12545B472005A047A /* Response.swift */; };
		72A1DBE52545B5A9005A047A /* PhoneModel.swift in Sources */ = {isa = PBXBuildFile; fileRef = 72A1DBE42545B5A9005A047A /* PhoneModel.swift */; };
		72A1DBE72545BF19005A047A /* CodeModel.swift in Sources */ = {isa = PBXBuildFile; fileRef = 72A1DBE62545BF19005A047A /* CodeModel.swift */; };
		72A1DBE92545BF24005A047A /* CodeConfirmationModel.swift in Sources */ = {isa = PBXBuildFile; fileRef = 72A1DBE82545BF24005A047A /* CodeConfirmationModel.swift */; };
		72A1DBEB2545BF94005A047A /* UserDataModel.swift in Sources */ = {isa = PBXBuildFile; fileRef = 72A1DBEA2545BF94005A047A /* UserDataModel.swift */; };
		72A1DBED2545BFA2005A047A /* SettingsModel.swift in Sources */ = {isa = PBXBuildFile; fileRef = 72A1DBEC2545BFA2005A047A /* SettingsModel.swift */; };
		72A1DBEF2545BFCD005A047A /* Language.swift in Sources */ = {isa = PBXBuildFile; fileRef = 72A1DBEE2545BFCD005A047A /* Language.swift */; };
		72FF3AC8253F46070042B2A0 /* InputMask in Frameworks */ = {isa = PBXBuildFile; productRef = 72FF3AC7253F46070042B2A0 /* InputMask */; };
		72FF3ACE253F470D0042B2A0 /* PrimaryButton.swift in Sources */ = {isa = PBXBuildFile; fileRef = 72FF3ACD253F470D0042B2A0 /* PrimaryButton.swift */; };
		72FF3AD0253F511D0042B2A0 /* PhoneTextField.swift in Sources */ = {isa = PBXBuildFile; fileRef = 72FF3ACF253F511D0042B2A0 /* PhoneTextField.swift */; };
		72FF3ADA253F58CD0042B2A0 /* LoginView.swift in Sources */ = {isa = PBXBuildFile; fileRef = 72FF3AD9253F58CD0042B2A0 /* LoginView.swift */; };
/* End PBXBuildFile section */

/* Begin PBXFileReference section */
		722C7CB225456F630086198C /* ResendCodeTextViewDelegate.swift */ = {isa = PBXFileReference; lastKnownFileType = sourcecode.swift; path = ResendCodeTextViewDelegate.swift; sourceTree = "<group>"; };
		7240BF0F253E0E7600C00BB9 /* RideAndFood.app */ = {isa = PBXFileReference; explicitFileType = wrapper.application; includeInIndex = 0; path = RideAndFood.app; sourceTree = BUILT_PRODUCTS_DIR; };
		7240BF12253E0E7600C00BB9 /* AppDelegate.swift */ = {isa = PBXFileReference; lastKnownFileType = sourcecode.swift; path = AppDelegate.swift; sourceTree = "<group>"; };
		7240BF16253E0E7600C00BB9 /* LoginViewController.swift */ = {isa = PBXFileReference; lastKnownFileType = sourcecode.swift; path = LoginViewController.swift; sourceTree = "<group>"; };
		7240BF1B253E0E7A00C00BB9 /* Assets.xcassets */ = {isa = PBXFileReference; lastKnownFileType = folder.assetcatalog; path = Assets.xcassets; sourceTree = "<group>"; };
		7240BF1E253E0E7A00C00BB9 /* Base */ = {isa = PBXFileReference; lastKnownFileType = file.storyboard; name = Base; path = Base.lproj/LaunchScreen.storyboard; sourceTree = "<group>"; };
		7240BF20253E0E7A00C00BB9 /* Info.plist */ = {isa = PBXFileReference; lastKnownFileType = text.plist.xml; path = Info.plist; sourceTree = "<group>"; };
		7286E50F2542380D0027A69B /* ColorHelper.swift */ = {isa = PBXFileReference; lastKnownFileType = sourcecode.swift; path = ColorHelper.swift; sourceTree = "<group>"; };
		7286E5112542398F0027A69B /* FontsHelper.swift */ = {isa = PBXFileReference; lastKnownFileType = sourcecode.swift; path = FontsHelper.swift; sourceTree = "<group>"; };
		7286E51325423A160027A69B /* LoginStrings.swift */ = {isa = PBXFileReference; lastKnownFileType = sourcecode.swift; path = LoginStrings.swift; sourceTree = "<group>"; };
		7286E51525423A640027A69B /* StringsHelper.swift */ = {isa = PBXFileReference; lastKnownFileType = sourcecode.swift; path = StringsHelper.swift; sourceTree = "<group>"; };
		7286E51A2542B9CB0027A69B /* ConstantsHelper.swift */ = {isa = PBXFileReference; lastKnownFileType = sourcecode.swift; path = ConstantsHelper.swift; sourceTree = "<group>"; };
		7286E51C2542BA940027A69B /* Checkbox.swift */ = {isa = PBXFileReference; lastKnownFileType = sourcecode.swift; path = Checkbox.swift; sourceTree = "<group>"; };
		7286E51F2542DEA40027A69B /* TermsOfUseTextViewDelegate.swift */ = {isa = PBXFileReference; lastKnownFileType = sourcecode.swift; path = TermsOfUseTextViewDelegate.swift; sourceTree = "<group>"; };
		7286E5242542E7610027A69B /* TermsOfUseViewController.swift */ = {isa = PBXFileReference; lastKnownFileType = sourcecode.swift; path = TermsOfUseViewController.swift; sourceTree = "<group>"; };
		7286E5272542E79D0027A69B /* TermsOfUseStrings.swift */ = {isa = PBXFileReference; lastKnownFileType = sourcecode.swift; path = TermsOfUseStrings.swift; sourceTree = "<group>"; };
		7286E5292542ECA70027A69B /* CodeConfirmationView.swift */ = {isa = PBXFileReference; lastKnownFileType = sourcecode.swift; path = CodeConfirmationView.swift; sourceTree = "<group>"; };
		7286E52B254311AC0027A69B /* CodeConfirmationTextFieldDelegate.swift */ = {isa = PBXFileReference; lastKnownFileType = sourcecode.swift; path = CodeConfirmationTextFieldDelegate.swift; sourceTree = "<group>"; };
		7286E52D254312C50027A69B /* NumberInputView.swift */ = {isa = PBXFileReference; lastKnownFileType = sourcecode.swift; path = NumberInputView.swift; sourceTree = "<group>"; };
		72A1DBD52545A764005A047A /* BaseNetworkManager.swift */ = {isa = PBXFileReference; lastKnownFileType = sourcecode.swift; path = BaseNetworkManager.swift; sourceTree = "<group>"; };
		72A1DBD82545AC45005A047A /* NetworkManager.swift */ = {isa = PBXFileReference; lastKnownFileType = sourcecode.swift; path = NetworkManager.swift; sourceTree = "<group>"; };
		72A1DBDB2545AC65005A047A /* HTTPMethod.swift */ = {isa = PBXFileReference; lastKnownFileType = sourcecode.swift; path = HTTPMethod.swift; sourceTree = "<group>"; };
		72A1DBDD2545B23A005A047A /* RequestError.swift */ = {isa = PBXFileReference; lastKnownFileType = sourcecode.swift; path = RequestError.swift; sourceTree = "<group>"; };
		72A1DBDF2545B424005A047A /* LoginInteractor.swift */ = {isa = PBXFileReference; lastKnownFileType = sourcecode.swift; path = LoginInteractor.swift; sourceTree = "<group>"; };
		72A1DBE12545B472005A047A /* Response.swift */ = {isa = PBXFileReference; lastKnownFileType = sourcecode.swift; path = Response.swift; sourceTree = "<group>"; };
		72A1DBE42545B5A9005A047A /* PhoneModel.swift */ = {isa = PBXFileReference; lastKnownFileType = sourcecode.swift; path = PhoneModel.swift; sourceTree = "<group>"; };
		72A1DBE62545BF19005A047A /* CodeModel.swift */ = {isa = PBXFileReference; lastKnownFileType = sourcecode.swift; path = CodeModel.swift; sourceTree = "<group>"; };
		72A1DBE82545BF24005A047A /* CodeConfirmationModel.swift */ = {isa = PBXFileReference; lastKnownFileType = sourcecode.swift; path = CodeConfirmationModel.swift; sourceTree = "<group>"; };
		72A1DBEA2545BF94005A047A /* UserDataModel.swift */ = {isa = PBXFileReference; lastKnownFileType = sourcecode.swift; path = UserDataModel.swift; sourceTree = "<group>"; };
		72A1DBEC2545BFA2005A047A /* SettingsModel.swift */ = {isa = PBXFileReference; lastKnownFileType = sourcecode.swift; path = SettingsModel.swift; sourceTree = "<group>"; };
		72A1DBEE2545BFCD005A047A /* Language.swift */ = {isa = PBXFileReference; lastKnownFileType = sourcecode.swift; path = Language.swift; sourceTree = "<group>"; };
		72FF3ACD253F470D0042B2A0 /* PrimaryButton.swift */ = {isa = PBXFileReference; lastKnownFileType = sourcecode.swift; path = PrimaryButton.swift; sourceTree = "<group>"; };
		72FF3ACF253F511D0042B2A0 /* PhoneTextField.swift */ = {isa = PBXFileReference; lastKnownFileType = sourcecode.swift; path = PhoneTextField.swift; sourceTree = "<group>"; };
		72FF3AD9253F58CD0042B2A0 /* LoginView.swift */ = {isa = PBXFileReference; lastKnownFileType = sourcecode.swift; path = LoginView.swift; sourceTree = "<group>"; };
/* End PBXFileReference section */

/* Begin PBXFrameworksBuildPhase section */
		7240BF0C253E0E7600C00BB9 /* Frameworks */ = {
			isa = PBXFrameworksBuildPhase;
			buildActionMask = 2147483647;
			files = (
				72FF3AC8253F46070042B2A0 /* InputMask in Frameworks */,
			);
			runOnlyForDeploymentPostprocessing = 0;
		};
/* End PBXFrameworksBuildPhase section */

/* Begin PBXGroup section */
		7240BF06253E0E7600C00BB9 = {
			isa = PBXGroup;
			children = (
				7240BF11253E0E7600C00BB9 /* RideAndFood */,
				7240BF10253E0E7600C00BB9 /* Products */,
			);
			sourceTree = "<group>";
		};
		7240BF10253E0E7600C00BB9 /* Products */ = {
			isa = PBXGroup;
			children = (
				7240BF0F253E0E7600C00BB9 /* RideAndFood.app */,
			);
			name = Products;
			sourceTree = "<group>";
		};
		7240BF11253E0E7600C00BB9 /* RideAndFood */ = {
			isa = PBXGroup;
			children = (
				7286E5222542E7420027A69B /* Modules */,
				7240BF26253E166500C00BB9 /* SupportingFiles */,
			);
			path = RideAndFood;
			sourceTree = "<group>";
		};
		7240BF26253E166500C00BB9 /* SupportingFiles */ = {
			isa = PBXGroup;
			children = (
				7240BF12253E0E7600C00BB9 /* AppDelegate.swift */,
				7240BF1D253E0E7A00C00BB9 /* LaunchScreen.storyboard */,
				7240BF1B253E0E7A00C00BB9 /* Assets.xcassets */,
				7240BF20253E0E7A00C00BB9 /* Info.plist */,
			);
			path = SupportingFiles;
			sourceTree = "<group>";
		};
		7240BF27253E167C00C00BB9 /* LoginScreen */ = {
			isa = PBXGroup;
			children = (
				72A1DBE32545B581005A047A /* Model */,
				72FF3AD7253F58B40042B2A0 /* View */,
				72FF3AD6253F58AF0042B2A0 /* Controller */,
				7286E5192542B96F0027A69B /* Helpers */,
			);
			path = LoginScreen;
			sourceTree = "<group>";
		};
		7286E50E254237FF0027A69B /* Helpers */ = {
			isa = PBXGroup;
			children = (
				7286E50F2542380D0027A69B /* ColorHelper.swift */,
				7286E5112542398F0027A69B /* FontsHelper.swift */,
				7286E51525423A640027A69B /* StringsHelper.swift */,
				7286E51A2542B9CB0027A69B /* ConstantsHelper.swift */,
			);
			path = Helpers;
			sourceTree = "<group>";
		};
		7286E5192542B96F0027A69B /* Helpers */ = {
			isa = PBXGroup;
			children = (
				7286E51325423A160027A69B /* LoginStrings.swift */,
				7286E51F2542DEA40027A69B /* TermsOfUseTextViewDelegate.swift */,
				7286E52B254311AC0027A69B /* CodeConfirmationTextFieldDelegate.swift */,
				722C7CB225456F630086198C /* ResendCodeTextViewDelegate.swift */,
				72A1DBDF2545B424005A047A /* LoginInteractor.swift */,
			);
			path = Helpers;
			sourceTree = "<group>";
		};
		7286E5212542E7340027A69B /* TermsOfUseScreen */ = {
			isa = PBXGroup;
			children = (
				7286E5262542E7910027A69B /* Helpers */,
				7286E5232542E7510027A69B /* Controller */,
			);
			path = TermsOfUseScreen;
			sourceTree = "<group>";
		};
		7286E5222542E7420027A69B /* Modules */ = {
			isa = PBXGroup;
			children = (
				72FF3ACB253F46D60042B2A0 /* Common */,
				7240BF27253E167C00C00BB9 /* LoginScreen */,
				7286E5212542E7340027A69B /* TermsOfUseScreen */,
			);
			path = Modules;
			sourceTree = "<group>";
		};
		7286E5232542E7510027A69B /* Controller */ = {
			isa = PBXGroup;
			children = (
				7286E5242542E7610027A69B /* TermsOfUseViewController.swift */,
			);
			path = Controller;
			sourceTree = "<group>";
		};
		7286E5262542E7910027A69B /* Helpers */ = {
			isa = PBXGroup;
			children = (
				7286E5272542E79D0027A69B /* TermsOfUseStrings.swift */,
			);
			path = Helpers;
			sourceTree = "<group>";
		};
		72A1DBD42545A753005A047A /* Manager */ = {
			isa = PBXGroup;
			children = (
				72A1DBD72545AC37005A047A /* Protocols */,
				72A1DBD52545A764005A047A /* BaseNetworkManager.swift */,
			);
			path = Manager;
			sourceTree = "<group>";
		};
		72A1DBD72545AC37005A047A /* Protocols */ = {
			isa = PBXGroup;
			children = (
				72A1DBD82545AC45005A047A /* NetworkManager.swift */,
			);
			path = Protocols;
			sourceTree = "<group>";
		};
		72A1DBDA2545AC58005A047A /* Model */ = {
			isa = PBXGroup;
			children = (
				72A1DBDB2545AC65005A047A /* HTTPMethod.swift */,
				72A1DBDD2545B23A005A047A /* RequestError.swift */,
				72A1DBE12545B472005A047A /* Response.swift */,
				72A1DBEA2545BF94005A047A /* UserDataModel.swift */,
				72A1DBEC2545BFA2005A047A /* SettingsModel.swift */,
				72A1DBEE2545BFCD005A047A /* Language.swift */,
			);
			path = Model;
			sourceTree = "<group>";
		};
		72A1DBE32545B581005A047A /* Model */ = {
			isa = PBXGroup;
			children = (
				72A1DBE42545B5A9005A047A /* PhoneModel.swift */,
				72A1DBE62545BF19005A047A /* CodeModel.swift */,
				72A1DBE82545BF24005A047A /* CodeConfirmationModel.swift */,
			);
			path = Model;
			sourceTree = "<group>";
		};
		72FF3ACB253F46D60042B2A0 /* Common */ = {
			isa = PBXGroup;
			children = (
				72A1DBDA2545AC58005A047A /* Model */,
				72A1DBD42545A753005A047A /* Manager */,
				7286E50E254237FF0027A69B /* Helpers */,
				72FF3ACC253F46E50042B2A0 /* View */,
			);
			path = Common;
			sourceTree = "<group>";
		};
		72FF3ACC253F46E50042B2A0 /* View */ = {
			isa = PBXGroup;
			children = (
				72FF3ACD253F470D0042B2A0 /* PrimaryButton.swift */,
				7286E51C2542BA940027A69B /* Checkbox.swift */,
			);
			path = View;
			sourceTree = "<group>";
		};
		72FF3AD6253F58AF0042B2A0 /* Controller */ = {
			isa = PBXGroup;
			children = (
				7240BF16253E0E7600C00BB9 /* LoginViewController.swift */,
			);
			path = Controller;
			sourceTree = "<group>";
		};
		72FF3AD7253F58B40042B2A0 /* View */ = {
			isa = PBXGroup;
			children = (
				72FF3ACF253F511D0042B2A0 /* PhoneTextField.swift */,
				72FF3AD9253F58CD0042B2A0 /* LoginView.swift */,
				7286E5292542ECA70027A69B /* CodeConfirmationView.swift */,
				7286E52D254312C50027A69B /* NumberInputView.swift */,
			);
			path = View;
			sourceTree = "<group>";
		};
/* End PBXGroup section */

/* Begin PBXNativeTarget section */
		7240BF0E253E0E7600C00BB9 /* RideAndFood */ = {
			isa = PBXNativeTarget;
			buildConfigurationList = 7240BF23253E0E7A00C00BB9 /* Build configuration list for PBXNativeTarget "RideAndFood" */;
			buildPhases = (
				7240BF0B253E0E7600C00BB9 /* Sources */,
				7240BF0C253E0E7600C00BB9 /* Frameworks */,
				7240BF0D253E0E7600C00BB9 /* Resources */,
			);
			buildRules = (
			);
			dependencies = (
			);
			name = RideAndFood;
			packageProductDependencies = (
				72FF3AC7253F46070042B2A0 /* InputMask */,
			);
			productName = RideAndFood;
			productReference = 7240BF0F253E0E7600C00BB9 /* RideAndFood.app */;
			productType = "com.apple.product-type.application";
		};
/* End PBXNativeTarget section */

/* Begin PBXProject section */
		7240BF07253E0E7600C00BB9 /* Project object */ = {
			isa = PBXProject;
			attributes = {
				LastSwiftUpdateCheck = 1170;
				LastUpgradeCheck = 1170;
				ORGANIZATIONNAME = skillbox;
				TargetAttributes = {
					7240BF0E253E0E7600C00BB9 = {
						CreatedOnToolsVersion = 11.7;
					};
				};
			};
			buildConfigurationList = 7240BF0A253E0E7600C00BB9 /* Build configuration list for PBXProject "RideAndFood" */;
			compatibilityVersion = "Xcode 9.3";
			developmentRegion = en;
			hasScannedForEncodings = 0;
			knownRegions = (
				en,
				Base,
			);
			mainGroup = 7240BF06253E0E7600C00BB9;
			packageReferences = (
				72FF3AC6253F46070042B2A0 /* XCRemoteSwiftPackageReference "input-mask-ios" */,
			);
			productRefGroup = 7240BF10253E0E7600C00BB9 /* Products */;
			projectDirPath = "";
			projectRoot = "";
			targets = (
				7240BF0E253E0E7600C00BB9 /* RideAndFood */,
			);
		};
/* End PBXProject section */

/* Begin PBXResourcesBuildPhase section */
		7240BF0D253E0E7600C00BB9 /* Resources */ = {
			isa = PBXResourcesBuildPhase;
			buildActionMask = 2147483647;
			files = (
				7240BF1F253E0E7A00C00BB9 /* LaunchScreen.storyboard in Resources */,
				7240BF1C253E0E7A00C00BB9 /* Assets.xcassets in Resources */,
			);
			runOnlyForDeploymentPostprocessing = 0;
		};
/* End PBXResourcesBuildPhase section */

/* Begin PBXSourcesBuildPhase section */
		7240BF0B253E0E7600C00BB9 /* Sources */ = {
			isa = PBXSourcesBuildPhase;
			buildActionMask = 2147483647;
			files = (
				7286E5252542E7610027A69B /* TermsOfUseViewController.swift in Sources */,
				72A1DBD62545A764005A047A /* BaseNetworkManager.swift in Sources */,
				72A1DBE92545BF24005A047A /* CodeConfirmationModel.swift in Sources */,
				72A1DBE72545BF19005A047A /* CodeModel.swift in Sources */,
				72A1DBDC2545AC65005A047A /* HTTPMethod.swift in Sources */,
				7286E5282542E79D0027A69B /* TermsOfUseStrings.swift in Sources */,
				7286E5122542398F0027A69B /* FontsHelper.swift in Sources */,
				7286E52A2542ECA70027A69B /* CodeConfirmationView.swift in Sources */,
				7286E51B2542B9CB0027A69B /* ConstantsHelper.swift in Sources */,
				7286E5202542DEA40027A69B /* TermsOfUseTextViewDelegate.swift in Sources */,
				7286E51425423A160027A69B /* LoginStrings.swift in Sources */,
				7240BF17253E0E7600C00BB9 /* LoginViewController.swift in Sources */,
				72A1DBE02545B424005A047A /* LoginInteractor.swift in Sources */,
				7286E51D2542BA940027A69B /* Checkbox.swift in Sources */,
				7286E52E254312C50027A69B /* NumberInputView.swift in Sources */,
				72FF3ADA253F58CD0042B2A0 /* LoginView.swift in Sources */,
				72A1DBEB2545BF94005A047A /* UserDataModel.swift in Sources */,
				72A1DBD92545AC45005A047A /* NetworkManager.swift in Sources */,
				72A1DBDE2545B23A005A047A /* RequestError.swift in Sources */,
				72A1DBE22545B472005A047A /* Response.swift in Sources */,
				7286E52C254311AC0027A69B /* CodeConfirmationTextFieldDelegate.swift in Sources */,
				72A1DBEF2545BFCD005A047A /* Language.swift in Sources */,
				72FF3AD0253F511D0042B2A0 /* PhoneTextField.swift in Sources */,
				7286E5102542380D0027A69B /* ColorHelper.swift in Sources */,
				722C7CB325456F630086198C /* ResendCodeTextViewDelegate.swift in Sources */,
				7286E51625423A640027A69B /* StringsHelper.swift in Sources */,
				72A1DBED2545BFA2005A047A /* SettingsModel.swift in Sources */,
				72FF3ACE253F470D0042B2A0 /* PrimaryButton.swift in Sources */,
				72A1DBE52545B5A9005A047A /* PhoneModel.swift in Sources */,
				7240BF13253E0E7600C00BB9 /* AppDelegate.swift in Sources */,
			);
			runOnlyForDeploymentPostprocessing = 0;
		};
/* End PBXSourcesBuildPhase section */

/* Begin PBXVariantGroup section */
		7240BF1D253E0E7A00C00BB9 /* LaunchScreen.storyboard */ = {
			isa = PBXVariantGroup;
			children = (
				7240BF1E253E0E7A00C00BB9 /* Base */,
			);
			name = LaunchScreen.storyboard;
			sourceTree = "<group>";
		};
/* End PBXVariantGroup section */

/* Begin XCBuildConfiguration section */
		7240BF21253E0E7A00C00BB9 /* Debug */ = {
			isa = XCBuildConfiguration;
			buildSettings = {
				ALWAYS_SEARCH_USER_PATHS = NO;
				CLANG_ANALYZER_NONNULL = YES;
				CLANG_ANALYZER_NUMBER_OBJECT_CONVERSION = YES_AGGRESSIVE;
				CLANG_CXX_LANGUAGE_STANDARD = "gnu++14";
				CLANG_CXX_LIBRARY = "libc++";
				CLANG_ENABLE_MODULES = YES;
				CLANG_ENABLE_OBJC_ARC = YES;
				CLANG_ENABLE_OBJC_WEAK = YES;
				CLANG_WARN_BLOCK_CAPTURE_AUTORELEASING = YES;
				CLANG_WARN_BOOL_CONVERSION = YES;
				CLANG_WARN_COMMA = YES;
				CLANG_WARN_CONSTANT_CONVERSION = YES;
				CLANG_WARN_DEPRECATED_OBJC_IMPLEMENTATIONS = YES;
				CLANG_WARN_DIRECT_OBJC_ISA_USAGE = YES_ERROR;
				CLANG_WARN_DOCUMENTATION_COMMENTS = YES;
				CLANG_WARN_EMPTY_BODY = YES;
				CLANG_WARN_ENUM_CONVERSION = YES;
				CLANG_WARN_INFINITE_RECURSION = YES;
				CLANG_WARN_INT_CONVERSION = YES;
				CLANG_WARN_NON_LITERAL_NULL_CONVERSION = YES;
				CLANG_WARN_OBJC_IMPLICIT_RETAIN_SELF = YES;
				CLANG_WARN_OBJC_LITERAL_CONVERSION = YES;
				CLANG_WARN_OBJC_ROOT_CLASS = YES_ERROR;
				CLANG_WARN_RANGE_LOOP_ANALYSIS = YES;
				CLANG_WARN_STRICT_PROTOTYPES = YES;
				CLANG_WARN_SUSPICIOUS_MOVE = YES;
				CLANG_WARN_UNGUARDED_AVAILABILITY = YES_AGGRESSIVE;
				CLANG_WARN_UNREACHABLE_CODE = YES;
				CLANG_WARN__DUPLICATE_METHOD_MATCH = YES;
				COPY_PHASE_STRIP = NO;
				DEBUG_INFORMATION_FORMAT = dwarf;
				ENABLE_STRICT_OBJC_MSGSEND = YES;
				ENABLE_TESTABILITY = YES;
				GCC_C_LANGUAGE_STANDARD = gnu11;
				GCC_DYNAMIC_NO_PIC = NO;
				GCC_NO_COMMON_BLOCKS = YES;
				GCC_OPTIMIZATION_LEVEL = 0;
				GCC_PREPROCESSOR_DEFINITIONS = (
					"DEBUG=1",
					"$(inherited)",
				);
				GCC_WARN_64_TO_32_BIT_CONVERSION = YES;
				GCC_WARN_ABOUT_RETURN_TYPE = YES_ERROR;
				GCC_WARN_UNDECLARED_SELECTOR = YES;
				GCC_WARN_UNINITIALIZED_AUTOS = YES_AGGRESSIVE;
				GCC_WARN_UNUSED_FUNCTION = YES;
				GCC_WARN_UNUSED_VARIABLE = YES;
				IPHONEOS_DEPLOYMENT_TARGET = 13.7;
				MTL_ENABLE_DEBUG_INFO = INCLUDE_SOURCE;
				MTL_FAST_MATH = YES;
				ONLY_ACTIVE_ARCH = YES;
				SDKROOT = iphoneos;
				SWIFT_ACTIVE_COMPILATION_CONDITIONS = DEBUG;
				SWIFT_OPTIMIZATION_LEVEL = "-Onone";
			};
			name = Debug;
		};
		7240BF22253E0E7A00C00BB9 /* Release */ = {
			isa = XCBuildConfiguration;
			buildSettings = {
				ALWAYS_SEARCH_USER_PATHS = NO;
				CLANG_ANALYZER_NONNULL = YES;
				CLANG_ANALYZER_NUMBER_OBJECT_CONVERSION = YES_AGGRESSIVE;
				CLANG_CXX_LANGUAGE_STANDARD = "gnu++14";
				CLANG_CXX_LIBRARY = "libc++";
				CLANG_ENABLE_MODULES = YES;
				CLANG_ENABLE_OBJC_ARC = YES;
				CLANG_ENABLE_OBJC_WEAK = YES;
				CLANG_WARN_BLOCK_CAPTURE_AUTORELEASING = YES;
				CLANG_WARN_BOOL_CONVERSION = YES;
				CLANG_WARN_COMMA = YES;
				CLANG_WARN_CONSTANT_CONVERSION = YES;
				CLANG_WARN_DEPRECATED_OBJC_IMPLEMENTATIONS = YES;
				CLANG_WARN_DIRECT_OBJC_ISA_USAGE = YES_ERROR;
				CLANG_WARN_DOCUMENTATION_COMMENTS = YES;
				CLANG_WARN_EMPTY_BODY = YES;
				CLANG_WARN_ENUM_CONVERSION = YES;
				CLANG_WARN_INFINITE_RECURSION = YES;
				CLANG_WARN_INT_CONVERSION = YES;
				CLANG_WARN_NON_LITERAL_NULL_CONVERSION = YES;
				CLANG_WARN_OBJC_IMPLICIT_RETAIN_SELF = YES;
				CLANG_WARN_OBJC_LITERAL_CONVERSION = YES;
				CLANG_WARN_OBJC_ROOT_CLASS = YES_ERROR;
				CLANG_WARN_RANGE_LOOP_ANALYSIS = YES;
				CLANG_WARN_STRICT_PROTOTYPES = YES;
				CLANG_WARN_SUSPICIOUS_MOVE = YES;
				CLANG_WARN_UNGUARDED_AVAILABILITY = YES_AGGRESSIVE;
				CLANG_WARN_UNREACHABLE_CODE = YES;
				CLANG_WARN__DUPLICATE_METHOD_MATCH = YES;
				COPY_PHASE_STRIP = NO;
				DEBUG_INFORMATION_FORMAT = "dwarf-with-dsym";
				ENABLE_NS_ASSERTIONS = NO;
				ENABLE_STRICT_OBJC_MSGSEND = YES;
				GCC_C_LANGUAGE_STANDARD = gnu11;
				GCC_NO_COMMON_BLOCKS = YES;
				GCC_WARN_64_TO_32_BIT_CONVERSION = YES;
				GCC_WARN_ABOUT_RETURN_TYPE = YES_ERROR;
				GCC_WARN_UNDECLARED_SELECTOR = YES;
				GCC_WARN_UNINITIALIZED_AUTOS = YES_AGGRESSIVE;
				GCC_WARN_UNUSED_FUNCTION = YES;
				GCC_WARN_UNUSED_VARIABLE = YES;
				IPHONEOS_DEPLOYMENT_TARGET = 13.7;
				MTL_ENABLE_DEBUG_INFO = NO;
				MTL_FAST_MATH = YES;
				SDKROOT = iphoneos;
				SWIFT_COMPILATION_MODE = wholemodule;
				SWIFT_OPTIMIZATION_LEVEL = "-O";
				VALIDATE_PRODUCT = YES;
			};
			name = Release;
		};
		7240BF24253E0E7A00C00BB9 /* Debug */ = {
			isa = XCBuildConfiguration;
			buildSettings = {
				ASSETCATALOG_COMPILER_APPICON_NAME = AppIcon;
				CODE_SIGN_STYLE = Automatic;
				INFOPLIST_FILE = RideAndFood/SupportingFiles/Info.plist;
				IPHONEOS_DEPLOYMENT_TARGET = 13.0;
				LD_RUNPATH_SEARCH_PATHS = (
					"$(inherited)",
					"@executable_path/Frameworks",
				);
				PRODUCT_BUNDLE_IDENTIFIER = skillbox.RideAndFood;
				PRODUCT_NAME = "$(TARGET_NAME)";
				SWIFT_VERSION = 5.0;
				TARGETED_DEVICE_FAMILY = 1;
			};
			name = Debug;
		};
		7240BF25253E0E7A00C00BB9 /* Release */ = {
			isa = XCBuildConfiguration;
			buildSettings = {
				ASSETCATALOG_COMPILER_APPICON_NAME = AppIcon;
				CODE_SIGN_STYLE = Automatic;
				INFOPLIST_FILE = RideAndFood/SupportingFiles/Info.plist;
				IPHONEOS_DEPLOYMENT_TARGET = 13.0;
				LD_RUNPATH_SEARCH_PATHS = (
					"$(inherited)",
					"@executable_path/Frameworks",
				);
				PRODUCT_BUNDLE_IDENTIFIER = skillbox.RideAndFood;
				PRODUCT_NAME = "$(TARGET_NAME)";
				SWIFT_VERSION = 5.0;
				TARGETED_DEVICE_FAMILY = 1;
			};
			name = Release;
		};
/* End XCBuildConfiguration section */

/* Begin XCConfigurationList section */
		7240BF0A253E0E7600C00BB9 /* Build configuration list for PBXProject "RideAndFood" */ = {
			isa = XCConfigurationList;
			buildConfigurations = (
				7240BF21253E0E7A00C00BB9 /* Debug */,
				7240BF22253E0E7A00C00BB9 /* Release */,
			);
			defaultConfigurationIsVisible = 0;
			defaultConfigurationName = Release;
		};
		7240BF23253E0E7A00C00BB9 /* Build configuration list for PBXNativeTarget "RideAndFood" */ = {
			isa = XCConfigurationList;
			buildConfigurations = (
				7240BF24253E0E7A00C00BB9 /* Debug */,
				7240BF25253E0E7A00C00BB9 /* Release */,
			);
			defaultConfigurationIsVisible = 0;
			defaultConfigurationName = Release;
		};
/* End XCConfigurationList section */

/* Begin XCRemoteSwiftPackageReference section */
		72FF3AC6253F46070042B2A0 /* XCRemoteSwiftPackageReference "input-mask-ios" */ = {
			isa = XCRemoteSwiftPackageReference;
			repositoryURL = "https://github.com/RedMadRobot/input-mask-ios";
			requirement = {
				kind = upToNextMajorVersion;
				minimumVersion = 6.0.0;
			};
		};
/* End XCRemoteSwiftPackageReference section */

/* Begin XCSwiftPackageProductDependency section */
		72FF3AC7253F46070042B2A0 /* InputMask */ = {
			isa = XCSwiftPackageProductDependency;
			package = 72FF3AC6253F46070042B2A0 /* XCRemoteSwiftPackageReference "input-mask-ios" */;
			productName = InputMask;
		};
/* End XCSwiftPackageProductDependency section */
	};
	rootObject = 7240BF07253E0E7600C00BB9 /* Project object */;
}
