// !$*UTF8*$!
{
	archiveVersion = 1;
	classes = {
	};
	objectVersion = 54;
	objects = {

/* Begin PBXBuildFile section */
		7240BF13253E0E7600C00BB9 /* AppDelegate.swift in Sources */ = {isa = PBXBuildFile; fileRef = 7240BF12253E0E7600C00BB9 /* AppDelegate.swift */; };
		7240BF15253E0E7600C00BB9 /* SceneDelegate.swift in Sources */ = {isa = PBXBuildFile; fileRef = 7240BF14253E0E7600C00BB9 /* SceneDelegate.swift */; };
		7240BF17253E0E7600C00BB9 /* ViewController.swift in Sources */ = {isa = PBXBuildFile; fileRef = 7240BF16253E0E7600C00BB9 /* ViewController.swift */; };
		7240BF1A253E0E7600C00BB9 /* Main.storyboard in Resources */ = {isa = PBXBuildFile; fileRef = 7240BF18253E0E7600C00BB9 /* Main.storyboard */; };
		7240BF1C253E0E7A00C00BB9 /* Assets.xcassets in Resources */ = {isa = PBXBuildFile; fileRef = 7240BF1B253E0E7A00C00BB9 /* Assets.xcassets */; };
		7240BF1F253E0E7A00C00BB9 /* LaunchScreen.storyboard in Resources */ = {isa = PBXBuildFile; fileRef = 7240BF1D253E0E7A00C00BB9 /* LaunchScreen.storyboard */; };
		F709FFDC254458AE00A83A7C /* AddPhotoViewController.swift in Sources */ = {isa = PBXBuildFile; fileRef = F709FFDB254458AE00A83A7C /* AddPhotoViewController.swift */; };
		F7CAAC012540A5000049390C /* GeneralGUISettings.swift in Sources */ = {isa = PBXBuildFile; fileRef = F7CAAC002540A5000049390C /* GeneralGUISettings.swift */; };
		F7FD685D253F72BD00A67E07 /* SupportService.storyboard in Resources */ = {isa = PBXBuildFile; fileRef = F7FD685C253F72BD00A67E07 /* SupportService.storyboard */; };
		F7FD6861253F72DB00A67E07 /* SupportMessageViewController.swift in Sources */ = {isa = PBXBuildFile; fileRef = F7FD6860253F72DB00A67E07 /* SupportMessageViewController.swift */; };
		F7FE9837254330E4009B89F5 /* BaseCustomUIComponents.swift in Sources */ = {isa = PBXBuildFile; fileRef = F7FE9836254330E4009B89F5 /* BaseCustomUIComponents.swift */; };
/* End PBXBuildFile section */

/* Begin PBXFileReference section */
		7240BF0F253E0E7600C00BB9 /* RideAndFood.app */ = {isa = PBXFileReference; explicitFileType = wrapper.application; includeInIndex = 0; path = RideAndFood.app; sourceTree = BUILT_PRODUCTS_DIR; };
		7240BF12253E0E7600C00BB9 /* AppDelegate.swift */ = {isa = PBXFileReference; lastKnownFileType = sourcecode.swift; path = AppDelegate.swift; sourceTree = "<group>"; };
		7240BF14253E0E7600C00BB9 /* SceneDelegate.swift */ = {isa = PBXFileReference; lastKnownFileType = sourcecode.swift; path = SceneDelegate.swift; sourceTree = "<group>"; };
		7240BF16253E0E7600C00BB9 /* ViewController.swift */ = {isa = PBXFileReference; lastKnownFileType = sourcecode.swift; path = ViewController.swift; sourceTree = "<group>"; };
		7240BF19253E0E7600C00BB9 /* Base */ = {isa = PBXFileReference; lastKnownFileType = file.storyboard; name = Base; path = Base.lproj/Main.storyboard; sourceTree = "<group>"; };
		7240BF1B253E0E7A00C00BB9 /* Assets.xcassets */ = {isa = PBXFileReference; lastKnownFileType = folder.assetcatalog; path = Assets.xcassets; sourceTree = "<group>"; };
		7240BF1E253E0E7A00C00BB9 /* Base */ = {isa = PBXFileReference; lastKnownFileType = file.storyboard; name = Base; path = Base.lproj/LaunchScreen.storyboard; sourceTree = "<group>"; };
		7240BF20253E0E7A00C00BB9 /* Info.plist */ = {isa = PBXFileReference; lastKnownFileType = text.plist.xml; path = Info.plist; sourceTree = "<group>"; };
		F709FFDB254458AE00A83A7C /* AddPhotoViewController.swift */ = {isa = PBXFileReference; lastKnownFileType = sourcecode.swift; path = AddPhotoViewController.swift; sourceTree = "<group>"; };
		F7CAAC002540A5000049390C /* GeneralGUISettings.swift */ = {isa = PBXFileReference; lastKnownFileType = sourcecode.swift; path = GeneralGUISettings.swift; sourceTree = "<group>"; };
		F7FD685C253F72BD00A67E07 /* SupportService.storyboard */ = {isa = PBXFileReference; lastKnownFileType = file.storyboard; path = SupportService.storyboard; sourceTree = "<group>"; };
		F7FD6860253F72DB00A67E07 /* SupportMessageViewController.swift */ = {isa = PBXFileReference; lastKnownFileType = sourcecode.swift; path = SupportMessageViewController.swift; sourceTree = "<group>"; };
		F7FE9836254330E4009B89F5 /* BaseCustomUIComponents.swift */ = {isa = PBXFileReference; lastKnownFileType = sourcecode.swift; path = BaseCustomUIComponents.swift; sourceTree = "<group>"; };
/* End PBXFileReference section */

/* Begin PBXFrameworksBuildPhase section */
		7240BF0C253E0E7600C00BB9 /* Frameworks */ = {
			isa = PBXFrameworksBuildPhase;
			buildActionMask = 2147483647;
			files = (
			);
			runOnlyForDeploymentPostprocessing = 0;
		};
/* End PBXFrameworksBuildPhase section */

/* Begin PBXGroup section */
		7240BF06253E0E7600C00BB9 = {
			isa = PBXGroup;
			children = (
				7240BF11253E0E7600C00BB9 /* RideAndFood */,
				7240BF10253E0E7600C00BB9 /* Products */,
			);
			sourceTree = "<group>";
		};
		7240BF10253E0E7600C00BB9 /* Products */ = {
			isa = PBXGroup;
			children = (
				7240BF0F253E0E7600C00BB9 /* RideAndFood.app */,
			);
			name = Products;
			sourceTree = "<group>";
		};
		7240BF11253E0E7600C00BB9 /* RideAndFood */ = {
			isa = PBXGroup;
			children = (
				F7CAAC032540B1440049390C /* Helpers */,
				F7FD685F253F72C600A67E07 /* SupportService */,
				7240BF12253E0E7600C00BB9 /* AppDelegate.swift */,
				7240BF14253E0E7600C00BB9 /* SceneDelegate.swift */,
				7240BF16253E0E7600C00BB9 /* ViewController.swift */,
				7240BF18253E0E7600C00BB9 /* Main.storyboard */,
				7240BF1B253E0E7A00C00BB9 /* Assets.xcassets */,
				7240BF1D253E0E7A00C00BB9 /* LaunchScreen.storyboard */,
				7240BF20253E0E7A00C00BB9 /* Info.plist */,
			);
			path = RideAndFood;
			sourceTree = "<group>";
		};
		F7CAAC032540B1440049390C /* Helpers */ = {
			isa = PBXGroup;
			children = (
				F7CAAC002540A5000049390C /* GeneralGUISettings.swift */,
				F7FE9836254330E4009B89F5 /* BaseCustomUIComponents.swift */,
			);
			path = Helpers;
			sourceTree = "<group>";
		};
		F7FD685F253F72C600A67E07 /* SupportService */ = {
			isa = PBXGroup;
			children = (
				F7FD685C253F72BD00A67E07 /* SupportService.storyboard */,
				F709FFDB254458AE00A83A7C /* AddPhotoViewController.swift */,
				F7FD6860253F72DB00A67E07 /* SupportMessageViewController.swift */,
			);
			path = SupportService;
			sourceTree = "<group>";
		};
/* End PBXGroup section */

/* Begin PBXNativeTarget section */
		7240BF0E253E0E7600C00BB9 /* RideAndFood */ = {
			isa = PBXNativeTarget;
			buildConfigurationList = 7240BF23253E0E7A00C00BB9 /* Build configuration list for PBXNativeTarget "RideAndFood" */;
			buildPhases = (
				7240BF0B253E0E7600C00BB9 /* Sources */,
				7240BF0C253E0E7600C00BB9 /* Frameworks */,
				7240BF0D253E0E7600C00BB9 /* Resources */,
			);
			buildRules = (
			);
			dependencies = (
			);
			name = RideAndFood;
			productName = RideAndFood;
			productReference = 7240BF0F253E0E7600C00BB9 /* RideAndFood.app */;
			productType = "com.apple.product-type.application";
		};
/* End PBXNativeTarget section */

/* Begin PBXProject section */
		7240BF07253E0E7600C00BB9 /* Project object */ = {
			isa = PBXProject;
			attributes = {
				LastSwiftUpdateCheck = 1170;
				LastUpgradeCheck = 1170;
				ORGANIZATIONNAME = skillbox;
				TargetAttributes = {
					7240BF0E253E0E7600C00BB9 = {
						CreatedOnToolsVersion = 11.7;
					};
				};
			};
			buildConfigurationList = 7240BF0A253E0E7600C00BB9 /* Build configuration list for PBXProject "RideAndFood" */;
			compatibilityVersion = "Xcode 12.0";
			developmentRegion = en;
			hasScannedForEncodings = 0;
			knownRegions = (
				en,
				Base,
			);
			mainGroup = 7240BF06253E0E7600C00BB9;
			productRefGroup = 7240BF10253E0E7600C00BB9 /* Products */;
			projectDirPath = "";
			projectRoot = "";
			targets = (
				7240BF0E253E0E7600C00BB9 /* RideAndFood */,
			);
		};
/* End PBXProject section */

/* Begin PBXResourcesBuildPhase section */
		7240BF0D253E0E7600C00BB9 /* Resources */ = {
			isa = PBXResourcesBuildPhase;
			buildActionMask = 2147483647;
			files = (
				7240BF1F253E0E7A00C00BB9 /* LaunchScreen.storyboard in Resources */,
				7240BF1C253E0E7A00C00BB9 /* Assets.xcassets in Resources */,
				F7FD685D253F72BD00A67E07 /* SupportService.storyboard in Resources */,
				7240BF1A253E0E7600C00BB9 /* Main.storyboard in Resources */,
			);
			runOnlyForDeploymentPostprocessing = 0;
		};
/* End PBXResourcesBuildPhase section */

/* Begin PBXSourcesBuildPhase section */
		7240BF0B253E0E7600C00BB9 /* Sources */ = {
			isa = PBXSourcesBuildPhase;
			buildActionMask = 2147483647;
			files = (
				7240BF17253E0E7600C00BB9 /* ViewController.swift in Sources */,
				7240BF13253E0E7600C00BB9 /* AppDelegate.swift in Sources */,
				F7CAAC012540A5000049390C /* GeneralGUISettings.swift in Sources */,
				F7FD6861253F72DB00A67E07 /* SupportMessageViewController.swift in Sources */,
				7240BF15253E0E7600C00BB9 /* SceneDelegate.swift in Sources */,
				F709FFDC254458AE00A83A7C /* AddPhotoViewController.swift in Sources */,
				F7FE9837254330E4009B89F5 /* BaseCustomUIComponents.swift in Sources */,
			);
			runOnlyForDeploymentPostprocessing = 0;
		};
/* End PBXSourcesBuildPhase section */

/* Begin PBXVariantGroup section */
		7240BF18253E0E7600C00BB9 /* Main.storyboard */ = {
			isa = PBXVariantGroup;
			children = (
				7240BF19253E0E7600C00BB9 /* Base */,
			);
			name = Main.storyboard;
			sourceTree = "<group>";
		};
		7240BF1D253E0E7A00C00BB9 /* LaunchScreen.storyboard */ = {
			isa = PBXVariantGroup;
			children = (
				7240BF1E253E0E7A00C00BB9 /* Base */,
			);
			name = LaunchScreen.storyboard;
			sourceTree = "<group>";
		};
/* End PBXVariantGroup section */

/* Begin XCBuildConfiguration section */
		7240BF21253E0E7A00C00BB9 /* Debug */ = {
			isa = XCBuildConfiguration;
			buildSettings = {
				ALWAYS_SEARCH_USER_PATHS = NO;
				CLANG_ANALYZER_NONNULL = YES;
				CLANG_ANALYZER_NUMBER_OBJECT_CONVERSION = YES_AGGRESSIVE;
				CLANG_CXX_LANGUAGE_STANDARD = "gnu++14";
				CLANG_CXX_LIBRARY = "libc++";
				CLANG_ENABLE_MODULES = YES;
				CLANG_ENABLE_OBJC_ARC = YES;
				CLANG_ENABLE_OBJC_WEAK = YES;
				CLANG_WARN_BLOCK_CAPTURE_AUTORELEASING = YES;
				CLANG_WARN_BOOL_CONVERSION = YES;
				CLANG_WARN_COMMA = YES;
				CLANG_WARN_CONSTANT_CONVERSION = YES;
				CLANG_WARN_DEPRECATED_OBJC_IMPLEMENTATIONS = YES;
				CLANG_WARN_DIRECT_OBJC_ISA_USAGE = YES_ERROR;
				CLANG_WARN_DOCUMENTATION_COMMENTS = YES;
				CLANG_WARN_EMPTY_BODY = YES;
				CLANG_WARN_ENUM_CONVERSION = YES;
				CLANG_WARN_INFINITE_RECURSION = YES;
				CLANG_WARN_INT_CONVERSION = YES;
				CLANG_WARN_NON_LITERAL_NULL_CONVERSION = YES;
				CLANG_WARN_OBJC_IMPLICIT_RETAIN_SELF = YES;
				CLANG_WARN_OBJC_LITERAL_CONVERSION = YES;
				CLANG_WARN_OBJC_ROOT_CLASS = YES_ERROR;
				CLANG_WARN_RANGE_LOOP_ANALYSIS = YES;
				CLANG_WARN_STRICT_PROTOTYPES = YES;
				CLANG_WARN_SUSPICIOUS_MOVE = YES;
				CLANG_WARN_UNGUARDED_AVAILABILITY = YES_AGGRESSIVE;
				CLANG_WARN_UNREACHABLE_CODE = YES;
				CLANG_WARN__DUPLICATE_METHOD_MATCH = YES;
				COPY_PHASE_STRIP = NO;
				DEBUG_INFORMATION_FORMAT = dwarf;
				ENABLE_STRICT_OBJC_MSGSEND = YES;
				ENABLE_TESTABILITY = YES;
				GCC_C_LANGUAGE_STANDARD = gnu11;
				GCC_DYNAMIC_NO_PIC = NO;
				GCC_NO_COMMON_BLOCKS = YES;
				GCC_OPTIMIZATION_LEVEL = 0;
				GCC_PREPROCESSOR_DEFINITIONS = (
					"DEBUG=1",
					"$(inherited)",
				);
				GCC_WARN_64_TO_32_BIT_CONVERSION = YES;
				GCC_WARN_ABOUT_RETURN_TYPE = YES_ERROR;
				GCC_WARN_UNDECLARED_SELECTOR = YES;
				GCC_WARN_UNINITIALIZED_AUTOS = YES_AGGRESSIVE;
				GCC_WARN_UNUSED_FUNCTION = YES;
				GCC_WARN_UNUSED_VARIABLE = YES;
				IPHONEOS_DEPLOYMENT_TARGET = 13.7;
				MTL_ENABLE_DEBUG_INFO = INCLUDE_SOURCE;
				MTL_FAST_MATH = YES;
				ONLY_ACTIVE_ARCH = YES;
				SDKROOT = iphoneos;
				SWIFT_ACTIVE_COMPILATION_CONDITIONS = DEBUG;
				SWIFT_OPTIMIZATION_LEVEL = "-Onone";
			};
			name = Debug;
		};
		7240BF22253E0E7A00C00BB9 /* Release */ = {
			isa = XCBuildConfiguration;
			buildSettings = {
				ALWAYS_SEARCH_USER_PATHS = NO;
				CLANG_ANALYZER_NONNULL = YES;
				CLANG_ANALYZER_NUMBER_OBJECT_CONVERSION = YES_AGGRESSIVE;
				CLANG_CXX_LANGUAGE_STANDARD = "gnu++14";
				CLANG_CXX_LIBRARY = "libc++";
				CLANG_ENABLE_MODULES = YES;
				CLANG_ENABLE_OBJC_ARC = YES;
				CLANG_ENABLE_OBJC_WEAK = YES;
				CLANG_WARN_BLOCK_CAPTURE_AUTORELEASING = YES;
				CLANG_WARN_BOOL_CONVERSION = YES;
				CLANG_WARN_COMMA = YES;
				CLANG_WARN_CONSTANT_CONVERSION = YES;
				CLANG_WARN_DEPRECATED_OBJC_IMPLEMENTATIONS = YES;
				CLANG_WARN_DIRECT_OBJC_ISA_USAGE = YES_ERROR;
				CLANG_WARN_DOCUMENTATION_COMMENTS = YES;
				CLANG_WARN_EMPTY_BODY = YES;
				CLANG_WARN_ENUM_CONVERSION = YES;
				CLANG_WARN_INFINITE_RECURSION = YES;
				CLANG_WARN_INT_CONVERSION = YES;
				CLANG_WARN_NON_LITERAL_NULL_CONVERSION = YES;
				CLANG_WARN_OBJC_IMPLICIT_RETAIN_SELF = YES;
				CLANG_WARN_OBJC_LITERAL_CONVERSION = YES;
				CLANG_WARN_OBJC_ROOT_CLASS = YES_ERROR;
				CLANG_WARN_RANGE_LOOP_ANALYSIS = YES;
				CLANG_WARN_STRICT_PROTOTYPES = YES;
				CLANG_WARN_SUSPICIOUS_MOVE = YES;
				CLANG_WARN_UNGUARDED_AVAILABILITY = YES_AGGRESSIVE;
				CLANG_WARN_UNREACHABLE_CODE = YES;
				CLANG_WARN__DUPLICATE_METHOD_MATCH = YES;
				COPY_PHASE_STRIP = NO;
				DEBUG_INFORMATION_FORMAT = "dwarf-with-dsym";
				ENABLE_NS_ASSERTIONS = NO;
				ENABLE_STRICT_OBJC_MSGSEND = YES;
				GCC_C_LANGUAGE_STANDARD = gnu11;
				GCC_NO_COMMON_BLOCKS = YES;
				GCC_WARN_64_TO_32_BIT_CONVERSION = YES;
				GCC_WARN_ABOUT_RETURN_TYPE = YES_ERROR;
				GCC_WARN_UNDECLARED_SELECTOR = YES;
				GCC_WARN_UNINITIALIZED_AUTOS = YES_AGGRESSIVE;
				GCC_WARN_UNUSED_FUNCTION = YES;
				GCC_WARN_UNUSED_VARIABLE = YES;
				IPHONEOS_DEPLOYMENT_TARGET = 13.7;
				MTL_ENABLE_DEBUG_INFO = NO;
				MTL_FAST_MATH = YES;
				SDKROOT = iphoneos;
				SWIFT_COMPILATION_MODE = wholemodule;
				SWIFT_OPTIMIZATION_LEVEL = "-O";
				VALIDATE_PRODUCT = YES;
			};
			name = Release;
		};
		7240BF24253E0E7A00C00BB9 /* Debug */ = {
			isa = XCBuildConfiguration;
			buildSettings = {
				ASSETCATALOG_COMPILER_APPICON_NAME = AppIcon;
				CODE_SIGN_STYLE = Automatic;
				DEVELOPMENT_TEAM = 9H4ZLWV74V;
				INFOPLIST_FILE = RideAndFood/Info.plist;
				IPHONEOS_DEPLOYMENT_TARGET = 13.0;
				LD_RUNPATH_SEARCH_PATHS = (
					"$(inherited)",
					"@executable_path/Frameworks",
				);
				PRODUCT_BUNDLE_IDENTIFIER = skillbox.RideAndFood;
				PRODUCT_NAME = "$(TARGET_NAME)";
				SWIFT_VERSION = 5.0;
				TARGETED_DEVICE_FAMILY = 1;
			};
			name = Debug;
		};
		7240BF25253E0E7A00C00BB9 /* Release */ = {
			isa = XCBuildConfiguration;
			buildSettings = {
				ASSETCATALOG_COMPILER_APPICON_NAME = AppIcon;
				CODE_SIGN_STYLE = Automatic;
				DEVELOPMENT_TEAM = 9H4ZLWV74V;
				INFOPLIST_FILE = RideAndFood/Info.plist;
				IPHONEOS_DEPLOYMENT_TARGET = 13.0;
				LD_RUNPATH_SEARCH_PATHS = (
					"$(inherited)",
					"@executable_path/Frameworks",
				);
				ONLY_ACTIVE_ARCH = NO;
				PRODUCT_BUNDLE_IDENTIFIER = skillbox.RideAndFood;
				PRODUCT_NAME = "$(TARGET_NAME)";
				SWIFT_VERSION = 5.0;
				TARGETED_DEVICE_FAMILY = 1;
			};
			name = Release;
		};
/* End XCBuildConfiguration section */

/* Begin XCConfigurationList section */
		7240BF0A253E0E7600C00BB9 /* Build configuration list for PBXProject "RideAndFood" */ = {
			isa = XCConfigurationList;
			buildConfigurations = (
				7240BF21253E0E7A00C00BB9 /* Debug */,
				7240BF22253E0E7A00C00BB9 /* Release */,
			);
			defaultConfigurationIsVisible = 0;
			defaultConfigurationName = Release;
		};
		7240BF23253E0E7A00C00BB9 /* Build configuration list for PBXNativeTarget "RideAndFood" */ = {
			isa = XCConfigurationList;
			buildConfigurations = (
				7240BF24253E0E7A00C00BB9 /* Debug */,
				7240BF25253E0E7A00C00BB9 /* Release */,
			);
			defaultConfigurationIsVisible = 0;
			defaultConfigurationName = Release;
		};
/* End XCConfigurationList section */
	};
	rootObject = 7240BF07253E0E7600C00BB9 /* Project object */;
}
