// !$*UTF8*$!
{
	archiveVersion = 1;
	classes = {
	};
	objectVersion = 54;
	objects = {

/* Begin PBXBuildFile section */
		722C7CB325456F630086198C /* ResendCodeTextViewDelegate.swift in Sources */ = {isa = PBXBuildFile; fileRef = 722C7CB225456F630086198C /* ResendCodeTextViewDelegate.swift */; };
		723DE27F2548A8F200E39743 /* LoginViewController.swift in Sources */ = {isa = PBXBuildFile; fileRef = 723DE27E2548A8F200E39743 /* LoginViewController.swift */; };
		7240BF17253E0E7600C00BB9 /* ViewController.swift in Sources */ = {isa = PBXBuildFile; fileRef = 7240BF16253E0E7600C00BB9 /* ViewController.swift */; };
		7286E5102542380D0027A69B /* ColorHelper.swift in Sources */ = {isa = PBXBuildFile; fileRef = 7286E50F2542380D0027A69B /* ColorHelper.swift */; };
		7286E5122542398F0027A69B /* FontsHelper.swift in Sources */ = {isa = PBXBuildFile; fileRef = 7286E5112542398F0027A69B /* FontsHelper.swift */; };
		7286E51425423A160027A69B /* LoginStrings.swift in Sources */ = {isa = PBXBuildFile; fileRef = 7286E51325423A160027A69B /* LoginStrings.swift */; };
		7286E51625423A640027A69B /* StringsHelper.swift in Sources */ = {isa = PBXBuildFile; fileRef = 7286E51525423A640027A69B /* StringsHelper.swift */; };
		7286E51B2542B9CB0027A69B /* ConstantsHelper.swift in Sources */ = {isa = PBXBuildFile; fileRef = 7286E51A2542B9CB0027A69B /* ConstantsHelper.swift */; };
		7286E51D2542BA940027A69B /* Checkbox.swift in Sources */ = {isa = PBXBuildFile; fileRef = 7286E51C2542BA940027A69B /* Checkbox.swift */; };
		7286E5202542DEA40027A69B /* TermsOfUseTextViewDelegate.swift in Sources */ = {isa = PBXBuildFile; fileRef = 7286E51F2542DEA40027A69B /* TermsOfUseTextViewDelegate.swift */; };
		7286E5252542E7610027A69B /* TermsOfUseViewController.swift in Sources */ = {isa = PBXBuildFile; fileRef = 7286E5242542E7610027A69B /* TermsOfUseViewController.swift */; };
		7286E5282542E79D0027A69B /* TermsOfUseStrings.swift in Sources */ = {isa = PBXBuildFile; fileRef = 7286E5272542E79D0027A69B /* TermsOfUseStrings.swift */; };
		7286E52A2542ECA70027A69B /* CodeConfirmationView.swift in Sources */ = {isa = PBXBuildFile; fileRef = 7286E5292542ECA70027A69B /* CodeConfirmationView.swift */; };
		7286E52C254311AC0027A69B /* CodeConfirmationTextFieldDelegate.swift in Sources */ = {isa = PBXBuildFile; fileRef = 7286E52B254311AC0027A69B /* CodeConfirmationTextFieldDelegate.swift */; };
		7286E52E254312C50027A69B /* NumberInputView.swift in Sources */ = {isa = PBXBuildFile; fileRef = 7286E52D254312C50027A69B /* NumberInputView.swift */; };
		72A1DBD62545A764005A047A /* BaseNetworkManager.swift in Sources */ = {isa = PBXBuildFile; fileRef = 72A1DBD52545A764005A047A /* BaseNetworkManager.swift */; };
		72A1DBD92545AC45005A047A /* NetworkManager.swift in Sources */ = {isa = PBXBuildFile; fileRef = 72A1DBD82545AC45005A047A /* NetworkManager.swift */; };
		72A1DBDC2545AC65005A047A /* HTTPMethod.swift in Sources */ = {isa = PBXBuildFile; fileRef = 72A1DBDB2545AC65005A047A /* HTTPMethod.swift */; };
		72A1DBDE2545B23A005A047A /* RequestError.swift in Sources */ = {isa = PBXBuildFile; fileRef = 72A1DBDD2545B23A005A047A /* RequestError.swift */; };
		72A1DBE02545B424005A047A /* LoginInteractor.swift in Sources */ = {isa = PBXBuildFile; fileRef = 72A1DBDF2545B424005A047A /* LoginInteractor.swift */; };
		72A1DBE22545B472005A047A /* Response.swift in Sources */ = {isa = PBXBuildFile; fileRef = 72A1DBE12545B472005A047A /* Response.swift */; };
		72A1DBE52545B5A9005A047A /* PhoneModel.swift in Sources */ = {isa = PBXBuildFile; fileRef = 72A1DBE42545B5A9005A047A /* PhoneModel.swift */; };
		72A1DBE72545BF19005A047A /* CodeModel.swift in Sources */ = {isa = PBXBuildFile; fileRef = 72A1DBE62545BF19005A047A /* CodeModel.swift */; };
		72A1DBE92545BF24005A047A /* CodeConfirmationModel.swift in Sources */ = {isa = PBXBuildFile; fileRef = 72A1DBE82545BF24005A047A /* CodeConfirmationModel.swift */; };
		72A1DBEB2545BF94005A047A /* UserDataModel.swift in Sources */ = {isa = PBXBuildFile; fileRef = 72A1DBEA2545BF94005A047A /* UserDataModel.swift */; };
		72A1DBED2545BFA2005A047A /* SettingsModel.swift in Sources */ = {isa = PBXBuildFile; fileRef = 72A1DBEC2545BFA2005A047A /* SettingsModel.swift */; };
		72A1DBEF2545BFCD005A047A /* Language.swift in Sources */ = {isa = PBXBuildFile; fileRef = 72A1DBEE2545BFCD005A047A /* Language.swift */; };
		72FF3AC8253F46070042B2A0 /* InputMask in Frameworks */ = {isa = PBXBuildFile; productRef = 72FF3AC7253F46070042B2A0 /* InputMask */; };
		72FF3ACE253F470D0042B2A0 /* PrimaryButton.swift in Sources */ = {isa = PBXBuildFile; fileRef = 72FF3ACD253F470D0042B2A0 /* PrimaryButton.swift */; };
		72FF3AD0253F511D0042B2A0 /* PhoneTextField.swift in Sources */ = {isa = PBXBuildFile; fileRef = 72FF3ACF253F511D0042B2A0 /* PhoneTextField.swift */; };
		72FF3ADA253F58CD0042B2A0 /* LoginView.swift in Sources */ = {isa = PBXBuildFile; fileRef = 72FF3AD9253F58CD0042B2A0 /* LoginView.swift */; };
		96D62A89E82A8316062BDE0E /* Pods_RideAndFood.framework in Frameworks */ = {isa = PBXBuildFile; fileRef = 61E3BF1654C2EE497073C23B /* Pods_RideAndFood.framework */; };
		F77DE253254A1928001338D8 /* GeneralGUISettings.swift in Sources */ = {isa = PBXBuildFile; fileRef = F7CAAC002540A5000049390C /* GeneralGUISettings.swift */; };
		F77DE255254A192C001338D8 /* BaseCustomUIComponents.swift in Sources */ = {isa = PBXBuildFile; fileRef = F7FE9836254330E4009B89F5 /* BaseCustomUIComponents.swift */; };
		F7891733254A14FD00849D27 /* LaunchScreen.storyboard in Resources */ = {isa = PBXBuildFile; fileRef = FA050B9B2549ACE100CF363D /* LaunchScreen.storyboard */; };
		F7E5E9C7254A17AA0026ED71 /* SupportMessageViewController.swift in Sources */ = {isa = PBXBuildFile; fileRef = F7FD6860253F72DB00A67E07 /* SupportMessageViewController.swift */; };
		F7E5E9C9254A17B40026ED71 /* SupportServiceStrings.swift in Sources */ = {isa = PBXBuildFile; fileRef = F720A8A22547467B00B1BA7B /* SupportServiceStrings.swift */; };
		F7E5E9CB254A17B60026ED71 /* AddPhotoViewController.swift in Sources */ = {isa = PBXBuildFile; fileRef = F709FFDB254458AE00A83A7C /* AddPhotoViewController.swift */; };
		F7FD685D253F72BD00A67E07 /* SupportService.storyboard in Resources */ = {isa = PBXBuildFile; fileRef = F7FD685C253F72BD00A67E07 /* SupportService.storyboard */; };
		FA050B6925499CF300CF363D /* Profile.swift in Sources */ = {isa = PBXBuildFile; fileRef = FA050B6825499CF300CF363D /* Profile.swift */; };
		FA050B6C2549A72E00CF363D /* AlertHelper.swift in Sources */ = {isa = PBXBuildFile; fileRef = FA050B6B2549A72E00CF363D /* AlertHelper.swift */; };
		FA050B7F2549AA9200CF363D /* AppDelegate.swift in Sources */ = {isa = PBXBuildFile; fileRef = FA050B7E2549AA9200CF363D /* AppDelegate.swift */; };
		FA050B862549AB0500CF363D /* Assets.xcassets in Resources */ = {isa = PBXBuildFile; fileRef = FA050B852549AB0500CF363D /* Assets.xcassets */; };
		FA05E794254D764500A909A9 /* Main.storyboard in Resources */ = {isa = PBXBuildFile; fileRef = FA05E793254D764500A909A9 /* Main.storyboard */; };
		FA2C80BA254AED1200F82637 /* Promotion.swift in Sources */ = {isa = PBXBuildFile; fileRef = FA2C80B9254AED1200F82637 /* Promotion.swift */; };
		FA2C80C0254AF8A000F82637 /* SettingsStrings.swift in Sources */ = {isa = PBXBuildFile; fileRef = FA2C80BF254AF8A000F82637 /* SettingsStrings.swift */; };
		FA2C80C4254AF8BD00F82637 /* PromotionsStrings.swift in Sources */ = {isa = PBXBuildFile; fileRef = FA2C80C3254AF8BD00F82637 /* PromotionsStrings.swift */; };
		FA2C80C7254AF91F00F82637 /* PersonalDataStrings.swift in Sources */ = {isa = PBXBuildFile; fileRef = FA2C80C6254AF91F00F82637 /* PersonalDataStrings.swift */; };
		FA2C80CA254AF96E00F82637 /* PromotionsViewModel.swift in Sources */ = {isa = PBXBuildFile; fileRef = FA2C80C9254AF96E00F82637 /* PromotionsViewModel.swift */; };
		FA2C80CD254AFA4200F82637 /* PromotionCollectionViewCell.swift in Sources */ = {isa = PBXBuildFile; fileRef = FA2C80CC254AFA4200F82637 /* PromotionCollectionViewCell.swift */; };
		FA3A0565254809A000C55447 /* SettingsAvailableSharesViewController.swift in Sources */ = {isa = PBXBuildFile; fileRef = FA3A0564254809A000C55447 /* SettingsAvailableSharesViewController.swift */; };
		FA3A056825480A1900C55447 /* SettingsAvailableSharesViewModel.swift in Sources */ = {isa = PBXBuildFile; fileRef = FA3A056725480A1900C55447 /* SettingsAvailableSharesViewModel.swift */; };
		FA3A05702548128600C55447 /* PromotionsViewController.swift in Sources */ = {isa = PBXBuildFile; fileRef = FA3A056F2548128600C55447 /* PromotionsViewController.swift */; };
		FA3FD45F254D786800769610 /* MainViewController.swift in Sources */ = {isa = PBXBuildFile; fileRef = FA3FD45E254D786800769610 /* MainViewController.swift */; };
		FA3FD462254D787100769610 /* SideMenuViewController.swift in Sources */ = {isa = PBXBuildFile; fileRef = FA3FD461254D787100769610 /* SideMenuViewController.swift */; };
		FA3FD465254D846500769610 /* SideMenuViewModel.swift in Sources */ = {isa = PBXBuildFile; fileRef = FA3FD464254D846500769610 /* SideMenuViewModel.swift */; };
		FA3FD468254D84BE00769610 /* SideMenuStrings.swift in Sources */ = {isa = PBXBuildFile; fileRef = FA3FD467254D84BE00769610 /* SideMenuStrings.swift */; };
		FA43AE8B2544911000766652 /* Settings.storyboard in Resources */ = {isa = PBXBuildFile; fileRef = FA43AE8A2544911000766652 /* Settings.storyboard */; };
		FA43AE902544937D00766652 /* TableHelper.swift in Sources */ = {isa = PBXBuildFile; fileRef = FA43AE8F2544937D00766652 /* TableHelper.swift */; };
		FA43AE942544981E00766652 /* SettingsViewModel.swift in Sources */ = {isa = PBXBuildFile; fileRef = FA43AE932544981E00766652 /* SettingsViewModel.swift */; };
		FA44960A254C01000071E76F /* PromotionDetails.swift in Sources */ = {isa = PBXBuildFile; fileRef = FA449609254C01000071E76F /* PromotionDetails.swift */; };
		FA44960D254C0AC80071E76F /* Throwable.swift in Sources */ = {isa = PBXBuildFile; fileRef = FA44960C254C0AC80071E76F /* Throwable.swift */; };
		FA449611254C0BE40071E76F /* DateTimeHelper.swift in Sources */ = {isa = PBXBuildFile; fileRef = FA449610254C0BE40071E76F /* DateTimeHelper.swift */; };
		FA44F2AF25459B080004A1C9 /* SettingsLanguageViewController.swift in Sources */ = {isa = PBXBuildFile; fileRef = FA44F2AE25459B080004A1C9 /* SettingsLanguageViewController.swift */; };
		FA44F2B225459B1F0004A1C9 /* SettingsLanguageViewModel.swift in Sources */ = {isa = PBXBuildFile; fileRef = FA44F2B125459B1F0004A1C9 /* SettingsLanguageViewModel.swift */; };
		FA81AE73254B364F00B74182 /* ServerConfig.swift in Sources */ = {isa = PBXBuildFile; fileRef = FA81AE72254B364F00B74182 /* ServerConfig.swift */; };
		FA8CA7722546C873001FDE5E /* SettingsPersonalDataViewController.swift in Sources */ = {isa = PBXBuildFile; fileRef = FA8CA7712546C873001FDE5E /* SettingsPersonalDataViewController.swift */; };
		FA8CA7752546C8B8001FDE5E /* SettingsPersonalDataViewModel.swift in Sources */ = {isa = PBXBuildFile; fileRef = FA8CA7742546C8B8001FDE5E /* SettingsPersonalDataViewModel.swift */; };
		FA8CA7792546D0F8001FDE5E /* AlertButton.swift in Sources */ = {isa = PBXBuildFile; fileRef = FA8CA7782546D0F8001FDE5E /* AlertButton.swift */; };
		FA8CA77D2546D360001FDE5E /* AlertTextField.swift in Sources */ = {isa = PBXBuildFile; fileRef = FA8CA77C2546D360001FDE5E /* AlertTextField.swift */; };
		FA8CA7802546D531001FDE5E /* AlertTextFieldViewController.swift in Sources */ = {isa = PBXBuildFile; fileRef = FA8CA77F2546D531001FDE5E /* AlertTextFieldViewController.swift */; };
		FAA0B6C525496CB80020ACE7 /* SceneDelegate.swift in Sources */ = {isa = PBXBuildFile; fileRef = FAA0B6C425496CB80020ACE7 /* SceneDelegate.swift */; };
		FAA0B6C925496D1D0020ACE7 /* SettingsViewController.swift in Sources */ = {isa = PBXBuildFile; fileRef = FAA0B6C825496D1D0020ACE7 /* SettingsViewController.swift */; };
		FAACAA93254B02CC005C3084 /* UIImage.swift in Sources */ = {isa = PBXBuildFile; fileRef = FAACAA92254B02CC005C3084 /* UIImage.swift */; };
		FAACAA9D254B0973005C3084 /* PromotionDetailsViewController.swift in Sources */ = {isa = PBXBuildFile; fileRef = FAACAA9C254B0973005C3084 /* PromotionDetailsViewController.swift */; };
		FAACAAA0254B0C13005C3084 /* PromotionDetailsViewModel.swift in Sources */ = {isa = PBXBuildFile; fileRef = FAACAA9F254B0C13005C3084 /* PromotionDetailsViewModel.swift */; };
		FAE81CA7254815E40082A6B5 /* ServerApi.swift in Sources */ = {isa = PBXBuildFile; fileRef = FAE81CA6254815E40082A6B5 /* ServerApi.swift */; };
		FAE81CAA254818D10082A6B5 /* Settings.swift in Sources */ = {isa = PBXBuildFile; fileRef = FAE81CA9254818D10082A6B5 /* Settings.swift */; };
		FAE8E5EC254AB8CE000DF2F7 /* UserConfig.swift in Sources */ = {isa = PBXBuildFile; fileRef = FAE8E5EB254AB8CE000DF2F7 /* UserConfig.swift */; };
		FAE8E5EF254ABA0C000DF2F7 /* ApiConfig.swift in Sources */ = {isa = PBXBuildFile; fileRef = FAE8E5EE254ABA0C000DF2F7 /* ApiConfig.swift */; };
/* End PBXBuildFile section */

/* Begin PBXFileReference section */
		260608DF4629E155247171D4 /* Pods-RideAndFood.release.xcconfig */ = {isa = PBXFileReference; includeInIndex = 1; lastKnownFileType = text.xcconfig; name = "Pods-RideAndFood.release.xcconfig"; path = "Target Support Files/Pods-RideAndFood/Pods-RideAndFood.release.xcconfig"; sourceTree = "<group>"; };
		59450567917FDB3850FEC3EC /* Pods-RideAndFood.debug.xcconfig */ = {isa = PBXFileReference; includeInIndex = 1; lastKnownFileType = text.xcconfig; name = "Pods-RideAndFood.debug.xcconfig"; path = "Target Support Files/Pods-RideAndFood/Pods-RideAndFood.debug.xcconfig"; sourceTree = "<group>"; };
		61E3BF1654C2EE497073C23B /* Pods_RideAndFood.framework */ = {isa = PBXFileReference; explicitFileType = wrapper.framework; includeInIndex = 0; path = Pods_RideAndFood.framework; sourceTree = BUILT_PRODUCTS_DIR; };
		722C7CB225456F630086198C /* ResendCodeTextViewDelegate.swift */ = {isa = PBXFileReference; lastKnownFileType = sourcecode.swift; path = ResendCodeTextViewDelegate.swift; sourceTree = "<group>"; };
		723DE27E2548A8F200E39743 /* LoginViewController.swift */ = {isa = PBXFileReference; fileEncoding = 4; lastKnownFileType = sourcecode.swift; path = LoginViewController.swift; sourceTree = "<group>"; };
		7240BF0F253E0E7600C00BB9 /* RideAndFood.app */ = {isa = PBXFileReference; explicitFileType = wrapper.application; includeInIndex = 0; path = RideAndFood.app; sourceTree = BUILT_PRODUCTS_DIR; };
		7240BF16253E0E7600C00BB9 /* ViewController.swift */ = {isa = PBXFileReference; lastKnownFileType = sourcecode.swift; path = ViewController.swift; sourceTree = "<group>"; };
		7286E50F2542380D0027A69B /* ColorHelper.swift */ = {isa = PBXFileReference; lastKnownFileType = sourcecode.swift; path = ColorHelper.swift; sourceTree = "<group>"; };
		7286E5112542398F0027A69B /* FontsHelper.swift */ = {isa = PBXFileReference; lastKnownFileType = sourcecode.swift; path = FontsHelper.swift; sourceTree = "<group>"; };
		7286E51325423A160027A69B /* LoginStrings.swift */ = {isa = PBXFileReference; lastKnownFileType = sourcecode.swift; path = LoginStrings.swift; sourceTree = "<group>"; };
		7286E51525423A640027A69B /* StringsHelper.swift */ = {isa = PBXFileReference; lastKnownFileType = sourcecode.swift; path = StringsHelper.swift; sourceTree = "<group>"; };
		7286E51A2542B9CB0027A69B /* ConstantsHelper.swift */ = {isa = PBXFileReference; lastKnownFileType = sourcecode.swift; path = ConstantsHelper.swift; sourceTree = "<group>"; };
		7286E51C2542BA940027A69B /* Checkbox.swift */ = {isa = PBXFileReference; lastKnownFileType = sourcecode.swift; path = Checkbox.swift; sourceTree = "<group>"; };
		7286E51F2542DEA40027A69B /* TermsOfUseTextViewDelegate.swift */ = {isa = PBXFileReference; lastKnownFileType = sourcecode.swift; path = TermsOfUseTextViewDelegate.swift; sourceTree = "<group>"; };
		7286E5242542E7610027A69B /* TermsOfUseViewController.swift */ = {isa = PBXFileReference; lastKnownFileType = sourcecode.swift; path = TermsOfUseViewController.swift; sourceTree = "<group>"; };
		7286E5272542E79D0027A69B /* TermsOfUseStrings.swift */ = {isa = PBXFileReference; lastKnownFileType = sourcecode.swift; path = TermsOfUseStrings.swift; sourceTree = "<group>"; };
		7286E5292542ECA70027A69B /* CodeConfirmationView.swift */ = {isa = PBXFileReference; lastKnownFileType = sourcecode.swift; path = CodeConfirmationView.swift; sourceTree = "<group>"; };
		7286E52B254311AC0027A69B /* CodeConfirmationTextFieldDelegate.swift */ = {isa = PBXFileReference; lastKnownFileType = sourcecode.swift; path = CodeConfirmationTextFieldDelegate.swift; sourceTree = "<group>"; };
		7286E52D254312C50027A69B /* NumberInputView.swift */ = {isa = PBXFileReference; lastKnownFileType = sourcecode.swift; path = NumberInputView.swift; sourceTree = "<group>"; };
		72A1DBD52545A764005A047A /* BaseNetworkManager.swift */ = {isa = PBXFileReference; lastKnownFileType = sourcecode.swift; path = BaseNetworkManager.swift; sourceTree = "<group>"; };
		72A1DBD82545AC45005A047A /* NetworkManager.swift */ = {isa = PBXFileReference; lastKnownFileType = sourcecode.swift; path = NetworkManager.swift; sourceTree = "<group>"; };
		72A1DBDB2545AC65005A047A /* HTTPMethod.swift */ = {isa = PBXFileReference; lastKnownFileType = sourcecode.swift; path = HTTPMethod.swift; sourceTree = "<group>"; };
		72A1DBDD2545B23A005A047A /* RequestError.swift */ = {isa = PBXFileReference; lastKnownFileType = sourcecode.swift; path = RequestError.swift; sourceTree = "<group>"; };
		72A1DBDF2545B424005A047A /* LoginInteractor.swift */ = {isa = PBXFileReference; lastKnownFileType = sourcecode.swift; path = LoginInteractor.swift; sourceTree = "<group>"; };
		72A1DBE12545B472005A047A /* Response.swift */ = {isa = PBXFileReference; lastKnownFileType = sourcecode.swift; path = Response.swift; sourceTree = "<group>"; };
		72A1DBE42545B5A9005A047A /* PhoneModel.swift */ = {isa = PBXFileReference; lastKnownFileType = sourcecode.swift; path = PhoneModel.swift; sourceTree = "<group>"; };
		72A1DBE62545BF19005A047A /* CodeModel.swift */ = {isa = PBXFileReference; lastKnownFileType = sourcecode.swift; path = CodeModel.swift; sourceTree = "<group>"; };
		72A1DBE82545BF24005A047A /* CodeConfirmationModel.swift */ = {isa = PBXFileReference; lastKnownFileType = sourcecode.swift; path = CodeConfirmationModel.swift; sourceTree = "<group>"; };
		72A1DBEA2545BF94005A047A /* UserDataModel.swift */ = {isa = PBXFileReference; lastKnownFileType = sourcecode.swift; path = UserDataModel.swift; sourceTree = "<group>"; };
		72A1DBEC2545BFA2005A047A /* SettingsModel.swift */ = {isa = PBXFileReference; lastKnownFileType = sourcecode.swift; path = SettingsModel.swift; sourceTree = "<group>"; };
		72A1DBEE2545BFCD005A047A /* Language.swift */ = {isa = PBXFileReference; lastKnownFileType = sourcecode.swift; path = Language.swift; sourceTree = "<group>"; };
		72FF3ACD253F470D0042B2A0 /* PrimaryButton.swift */ = {isa = PBXFileReference; lastKnownFileType = sourcecode.swift; path = PrimaryButton.swift; sourceTree = "<group>"; };
		72FF3ACF253F511D0042B2A0 /* PhoneTextField.swift */ = {isa = PBXFileReference; lastKnownFileType = sourcecode.swift; path = PhoneTextField.swift; sourceTree = "<group>"; };
		72FF3AD9253F58CD0042B2A0 /* LoginView.swift */ = {isa = PBXFileReference; lastKnownFileType = sourcecode.swift; path = LoginView.swift; sourceTree = "<group>"; };
		F709FFDB254458AE00A83A7C /* AddPhotoViewController.swift */ = {isa = PBXFileReference; lastKnownFileType = sourcecode.swift; path = AddPhotoViewController.swift; sourceTree = "<group>"; };
		F720A8A22547467B00B1BA7B /* SupportServiceStrings.swift */ = {isa = PBXFileReference; lastKnownFileType = sourcecode.swift; path = SupportServiceStrings.swift; sourceTree = "<group>"; };
		F7CAAC002540A5000049390C /* GeneralGUISettings.swift */ = {isa = PBXFileReference; lastKnownFileType = sourcecode.swift; path = GeneralGUISettings.swift; sourceTree = "<group>"; };
		F7FD685C253F72BD00A67E07 /* SupportService.storyboard */ = {isa = PBXFileReference; lastKnownFileType = file.storyboard; path = SupportService.storyboard; sourceTree = "<group>"; };
		F7FD6860253F72DB00A67E07 /* SupportMessageViewController.swift */ = {isa = PBXFileReference; lastKnownFileType = sourcecode.swift; path = SupportMessageViewController.swift; sourceTree = "<group>"; };
		F7FE9836254330E4009B89F5 /* BaseCustomUIComponents.swift */ = {isa = PBXFileReference; lastKnownFileType = sourcecode.swift; path = BaseCustomUIComponents.swift; sourceTree = "<group>"; };
		FA050B6825499CF300CF363D /* Profile.swift */ = {isa = PBXFileReference; lastKnownFileType = sourcecode.swift; path = Profile.swift; sourceTree = "<group>"; };
		FA050B6B2549A72E00CF363D /* AlertHelper.swift */ = {isa = PBXFileReference; lastKnownFileType = sourcecode.swift; path = AlertHelper.swift; sourceTree = "<group>"; };
		FA050B7E2549AA9200CF363D /* AppDelegate.swift */ = {isa = PBXFileReference; lastKnownFileType = sourcecode.swift; path = AppDelegate.swift; sourceTree = "<group>"; };
		FA050B822549AADA00CF363D /* Info.plist */ = {isa = PBXFileReference; lastKnownFileType = text.plist.xml; path = Info.plist; sourceTree = "<group>"; };
		FA050B852549AB0500CF363D /* Assets.xcassets */ = {isa = PBXFileReference; lastKnownFileType = folder.assetcatalog; path = Assets.xcassets; sourceTree = "<group>"; };
		FA050B9B2549ACE100CF363D /* LaunchScreen.storyboard */ = {isa = PBXFileReference; lastKnownFileType = file.storyboard; path = LaunchScreen.storyboard; sourceTree = "<group>"; };
		FA05E793254D764500A909A9 /* Main.storyboard */ = {isa = PBXFileReference; lastKnownFileType = file.storyboard; path = Main.storyboard; sourceTree = "<group>"; };
		FA2C80B9254AED1200F82637 /* Promotion.swift */ = {isa = PBXFileReference; lastKnownFileType = sourcecode.swift; path = Promotion.swift; sourceTree = "<group>"; };
		FA2C80BF254AF8A000F82637 /* SettingsStrings.swift */ = {isa = PBXFileReference; lastKnownFileType = sourcecode.swift; path = SettingsStrings.swift; sourceTree = "<group>"; };
		FA2C80C3254AF8BD00F82637 /* PromotionsStrings.swift */ = {isa = PBXFileReference; lastKnownFileType = sourcecode.swift; path = PromotionsStrings.swift; sourceTree = "<group>"; };
		FA2C80C6254AF91F00F82637 /* PersonalDataStrings.swift */ = {isa = PBXFileReference; lastKnownFileType = sourcecode.swift; path = PersonalDataStrings.swift; sourceTree = "<group>"; };
		FA2C80C9254AF96E00F82637 /* PromotionsViewModel.swift */ = {isa = PBXFileReference; lastKnownFileType = sourcecode.swift; path = PromotionsViewModel.swift; sourceTree = "<group>"; };
		FA2C80CC254AFA4200F82637 /* PromotionCollectionViewCell.swift */ = {isa = PBXFileReference; lastKnownFileType = sourcecode.swift; path = PromotionCollectionViewCell.swift; sourceTree = "<group>"; };
		FA3A0564254809A000C55447 /* SettingsAvailableSharesViewController.swift */ = {isa = PBXFileReference; lastKnownFileType = sourcecode.swift; path = SettingsAvailableSharesViewController.swift; sourceTree = "<group>"; };
		FA3A056725480A1900C55447 /* SettingsAvailableSharesViewModel.swift */ = {isa = PBXFileReference; lastKnownFileType = sourcecode.swift; path = SettingsAvailableSharesViewModel.swift; sourceTree = "<group>"; };
		FA3A056F2548128600C55447 /* PromotionsViewController.swift */ = {isa = PBXFileReference; lastKnownFileType = sourcecode.swift; path = PromotionsViewController.swift; sourceTree = "<group>"; };
		FA3FD45E254D786800769610 /* MainViewController.swift */ = {isa = PBXFileReference; lastKnownFileType = sourcecode.swift; path = MainViewController.swift; sourceTree = "<group>"; };
		FA3FD461254D787100769610 /* SideMenuViewController.swift */ = {isa = PBXFileReference; lastKnownFileType = sourcecode.swift; path = SideMenuViewController.swift; sourceTree = "<group>"; };
		FA3FD464254D846500769610 /* SideMenuViewModel.swift */ = {isa = PBXFileReference; lastKnownFileType = sourcecode.swift; path = SideMenuViewModel.swift; sourceTree = "<group>"; };
		FA3FD467254D84BE00769610 /* SideMenuStrings.swift */ = {isa = PBXFileReference; lastKnownFileType = sourcecode.swift; path = SideMenuStrings.swift; sourceTree = "<group>"; };
		FA43AE8A2544911000766652 /* Settings.storyboard */ = {isa = PBXFileReference; lastKnownFileType = file.storyboard; path = Settings.storyboard; sourceTree = "<group>"; };
		FA43AE8F2544937D00766652 /* TableHelper.swift */ = {isa = PBXFileReference; lastKnownFileType = sourcecode.swift; path = TableHelper.swift; sourceTree = "<group>"; };
		FA43AE932544981E00766652 /* SettingsViewModel.swift */ = {isa = PBXFileReference; lastKnownFileType = sourcecode.swift; path = SettingsViewModel.swift; sourceTree = "<group>"; };
		FA449609254C01000071E76F /* PromotionDetails.swift */ = {isa = PBXFileReference; lastKnownFileType = sourcecode.swift; path = PromotionDetails.swift; sourceTree = "<group>"; };
		FA44960C254C0AC80071E76F /* Throwable.swift */ = {isa = PBXFileReference; lastKnownFileType = sourcecode.swift; path = Throwable.swift; sourceTree = "<group>"; };
		FA449610254C0BE40071E76F /* DateTimeHelper.swift */ = {isa = PBXFileReference; lastKnownFileType = sourcecode.swift; path = DateTimeHelper.swift; sourceTree = "<group>"; };
		FA44F2AE25459B080004A1C9 /* SettingsLanguageViewController.swift */ = {isa = PBXFileReference; lastKnownFileType = sourcecode.swift; path = SettingsLanguageViewController.swift; sourceTree = "<group>"; };
		FA44F2B125459B1F0004A1C9 /* SettingsLanguageViewModel.swift */ = {isa = PBXFileReference; lastKnownFileType = sourcecode.swift; path = SettingsLanguageViewModel.swift; sourceTree = "<group>"; };
		FA81AE72254B364F00B74182 /* ServerConfig.swift */ = {isa = PBXFileReference; lastKnownFileType = sourcecode.swift; path = ServerConfig.swift; sourceTree = "<group>"; };
		FA8CA7712546C873001FDE5E /* SettingsPersonalDataViewController.swift */ = {isa = PBXFileReference; lastKnownFileType = sourcecode.swift; path = SettingsPersonalDataViewController.swift; sourceTree = "<group>"; };
		FA8CA7742546C8B8001FDE5E /* SettingsPersonalDataViewModel.swift */ = {isa = PBXFileReference; lastKnownFileType = sourcecode.swift; path = SettingsPersonalDataViewModel.swift; sourceTree = "<group>"; };
		FA8CA7782546D0F8001FDE5E /* AlertButton.swift */ = {isa = PBXFileReference; lastKnownFileType = sourcecode.swift; path = AlertButton.swift; sourceTree = "<group>"; };
		FA8CA77C2546D360001FDE5E /* AlertTextField.swift */ = {isa = PBXFileReference; lastKnownFileType = sourcecode.swift; path = AlertTextField.swift; sourceTree = "<group>"; };
		FA8CA77F2546D531001FDE5E /* AlertTextFieldViewController.swift */ = {isa = PBXFileReference; lastKnownFileType = sourcecode.swift; path = AlertTextFieldViewController.swift; sourceTree = "<group>"; };
		FAA0B6C425496CB80020ACE7 /* SceneDelegate.swift */ = {isa = PBXFileReference; lastKnownFileType = sourcecode.swift; path = SceneDelegate.swift; sourceTree = "<group>"; };
		FAA0B6C825496D1D0020ACE7 /* SettingsViewController.swift */ = {isa = PBXFileReference; fileEncoding = 4; lastKnownFileType = sourcecode.swift; path = SettingsViewController.swift; sourceTree = "<group>"; };
		FAACAA92254B02CC005C3084 /* UIImage.swift */ = {isa = PBXFileReference; lastKnownFileType = sourcecode.swift; path = UIImage.swift; sourceTree = "<group>"; };
		FAACAA9C254B0973005C3084 /* PromotionDetailsViewController.swift */ = {isa = PBXFileReference; lastKnownFileType = sourcecode.swift; path = PromotionDetailsViewController.swift; sourceTree = "<group>"; };
		FAACAA9F254B0C13005C3084 /* PromotionDetailsViewModel.swift */ = {isa = PBXFileReference; lastKnownFileType = sourcecode.swift; path = PromotionDetailsViewModel.swift; sourceTree = "<group>"; };
		FAE81CA6254815E40082A6B5 /* ServerApi.swift */ = {isa = PBXFileReference; lastKnownFileType = sourcecode.swift; path = ServerApi.swift; sourceTree = "<group>"; };
		FAE81CA9254818D10082A6B5 /* Settings.swift */ = {isa = PBXFileReference; lastKnownFileType = sourcecode.swift; path = Settings.swift; sourceTree = "<group>"; };
		FAE8E5EB254AB8CE000DF2F7 /* UserConfig.swift */ = {isa = PBXFileReference; lastKnownFileType = sourcecode.swift; path = UserConfig.swift; sourceTree = "<group>"; };
		FAE8E5EE254ABA0C000DF2F7 /* ApiConfig.swift */ = {isa = PBXFileReference; lastKnownFileType = sourcecode.swift; path = ApiConfig.swift; sourceTree = "<group>"; };
/* End PBXFileReference section */

/* Begin PBXFrameworksBuildPhase section */
		7240BF0C253E0E7600C00BB9 /* Frameworks */ = {
			isa = PBXFrameworksBuildPhase;
			buildActionMask = 2147483647;
			files = (
				96D62A89E82A8316062BDE0E /* Pods_RideAndFood.framework in Frameworks */,
				72FF3AC8253F46070042B2A0 /* InputMask in Frameworks */,
			);
			runOnlyForDeploymentPostprocessing = 0;
		};
/* End PBXFrameworksBuildPhase section */

/* Begin PBXGroup section */
		3727488ABC83AA663419FD5A /* Pods */ = {
			isa = PBXGroup;
			children = (
				59450567917FDB3850FEC3EC /* Pods-RideAndFood.debug.xcconfig */,
				260608DF4629E155247171D4 /* Pods-RideAndFood.release.xcconfig */,
			);
			path = Pods;
			sourceTree = "<group>";
		};
		493E12A5CDA37FF285717E41 /* Frameworks */ = {
			isa = PBXGroup;
			children = (
				61E3BF1654C2EE497073C23B /* Pods_RideAndFood.framework */,
			);
			name = Frameworks;
			sourceTree = "<group>";
		};
		7240BF06253E0E7600C00BB9 = {
			isa = PBXGroup;
			children = (
				7240BF11253E0E7600C00BB9 /* RideAndFood */,
				7240BF10253E0E7600C00BB9 /* Products */,
				3727488ABC83AA663419FD5A /* Pods */,
				493E12A5CDA37FF285717E41 /* Frameworks */,
			);
			sourceTree = "<group>";
		};
		7240BF10253E0E7600C00BB9 /* Products */ = {
			isa = PBXGroup;
			children = (
				7240BF0F253E0E7600C00BB9 /* RideAndFood.app */,
			);
			name = Products;
			sourceTree = "<group>";
		};
		7240BF11253E0E7600C00BB9 /* RideAndFood */ = {
			isa = PBXGroup;
			children = (
				FAE81CA1254814AC0082A6B5 /* Repositories */,
				7286E5222542E7420027A69B /* Modules */,
				F7CAAC032540B1440049390C /* Helpers */,
				72BA017725489E0600197485 /* SupportingFiles */,
				7240BF16253E0E7600C00BB9 /* ViewController.swift */,
			);
			path = RideAndFood;
			sourceTree = "<group>";
		};
		7240BF27253E167C00C00BB9 /* LoginScreen */ = {
			isa = PBXGroup;
			children = (
				72A1DBE32545B581005A047A /* Model */,
				72FF3AD7253F58B40042B2A0 /* View */,
				72FF3AD6253F58AF0042B2A0 /* Controller */,
				7286E5192542B96F0027A69B /* Helpers */,
			);
			path = LoginScreen;
			sourceTree = "<group>";
		};
		7286E50E254237FF0027A69B /* Helpers */ = {
			isa = PBXGroup;
			children = (
				FA2C80BE254AF88E00F82637 /* StringsHelpers */,
				7286E50F2542380D0027A69B /* ColorHelper.swift */,
				7286E5112542398F0027A69B /* FontsHelper.swift */,
				7286E51525423A640027A69B /* StringsHelper.swift */,
				7286E51A2542B9CB0027A69B /* ConstantsHelper.swift */,
			);
			path = Helpers;
			sourceTree = "<group>";
		};
		7286E5192542B96F0027A69B /* Helpers */ = {
			isa = PBXGroup;
			children = (
				7286E51325423A160027A69B /* LoginStrings.swift */,
				7286E51F2542DEA40027A69B /* TermsOfUseTextViewDelegate.swift */,
				7286E52B254311AC0027A69B /* CodeConfirmationTextFieldDelegate.swift */,
				722C7CB225456F630086198C /* ResendCodeTextViewDelegate.swift */,
				72A1DBDF2545B424005A047A /* LoginInteractor.swift */,
			);
			path = Helpers;
			sourceTree = "<group>";
		};
		7286E5212542E7340027A69B /* TermsOfUseScreen */ = {
			isa = PBXGroup;
			children = (
				7286E5262542E7910027A69B /* Helpers */,
				7286E5232542E7510027A69B /* Controller */,
			);
			path = TermsOfUseScreen;
			sourceTree = "<group>";
		};
		7286E5222542E7420027A69B /* Modules */ = {
			isa = PBXGroup;
			children = (
				72FF3ACB253F46D60042B2A0 /* Common */,
				FA05E78C254D75FF00A909A9 /* MainScreen */,
				72D60EF22548B35900052305 /* SettingsScreen */,
				7240BF27253E167C00C00BB9 /* LoginScreen */,
				F7FD685F253F72C600A67E07 /* SupportService */,
				7286E5212542E7340027A69B /* TermsOfUseScreen */,
			);
			path = Modules;
			sourceTree = "<group>";
		};
		7286E5232542E7510027A69B /* Controller */ = {
			isa = PBXGroup;
			children = (
				7286E5242542E7610027A69B /* TermsOfUseViewController.swift */,
			);
			path = Controller;
			sourceTree = "<group>";
		};
		7286E5262542E7910027A69B /* Helpers */ = {
			isa = PBXGroup;
			children = (
				7286E5272542E79D0027A69B /* TermsOfUseStrings.swift */,
			);
			path = Helpers;
			sourceTree = "<group>";
		};
		72A1DBD42545A753005A047A /* Manager */ = {
			isa = PBXGroup;
			children = (
				72A1DBD72545AC37005A047A /* Protocols */,
				72A1DBD52545A764005A047A /* BaseNetworkManager.swift */,
				FA44960C254C0AC80071E76F /* Throwable.swift */,
			);
			path = Manager;
			sourceTree = "<group>";
		};
		72A1DBD72545AC37005A047A /* Protocols */ = {
			isa = PBXGroup;
			children = (
				72A1DBD82545AC45005A047A /* NetworkManager.swift */,
			);
			path = Protocols;
			sourceTree = "<group>";
		};
		72A1DBDA2545AC58005A047A /* Model */ = {
			isa = PBXGroup;
			children = (
				72A1DBDB2545AC65005A047A /* HTTPMethod.swift */,
				72A1DBDD2545B23A005A047A /* RequestError.swift */,
				72A1DBE12545B472005A047A /* Response.swift */,
				72A1DBEA2545BF94005A047A /* UserDataModel.swift */,
				72A1DBEC2545BFA2005A047A /* SettingsModel.swift */,
				72A1DBEE2545BFCD005A047A /* Language.swift */,
			);
			path = Model;
			sourceTree = "<group>";
		};
		72A1DBE32545B581005A047A /* Model */ = {
			isa = PBXGroup;
			children = (
				72A1DBE42545B5A9005A047A /* PhoneModel.swift */,
				72A1DBE62545BF19005A047A /* CodeModel.swift */,
				72A1DBE82545BF24005A047A /* CodeConfirmationModel.swift */,
			);
			path = Model;
			sourceTree = "<group>";
		};
		72BA017725489E0600197485 /* SupportingFiles */ = {
			isa = PBXGroup;
			children = (
				FA050B7E2549AA9200CF363D /* AppDelegate.swift */,
				FAA0B6C425496CB80020ACE7 /* SceneDelegate.swift */,
				FA050B9B2549ACE100CF363D /* LaunchScreen.storyboard */,
				FA050B852549AB0500CF363D /* Assets.xcassets */,
				FA050B822549AADA00CF363D /* Info.plist */,
			);
			path = SupportingFiles;
			sourceTree = "<group>";
		};
		72D60EF22548B35900052305 /* SettingsScreen */ = {
			isa = PBXGroup;
			children = (
				FA43AE84254490C300766652 /* Views */,
				FA43AE86254490D300766652 /* Controllers */,
				FA43AE88254490E000766652 /* ViewModels */,
				FA43AE87254490DD00766652 /* Models */,
			);
			path = SettingsScreen;
			sourceTree = "<group>";
		};
		72FF3ACB253F46D60042B2A0 /* Common */ = {
			isa = PBXGroup;
			children = (
				FAE8E5EA254AB8B5000DF2F7 /* Configurations */,
				72A1DBDA2545AC58005A047A /* Model */,
				72A1DBD42545A753005A047A /* Manager */,
				7286E50E254237FF0027A69B /* Helpers */,
				72FF3ACC253F46E50042B2A0 /* View */,
			);
			path = Common;
			sourceTree = "<group>";
		};
		72FF3ACC253F46E50042B2A0 /* View */ = {
			isa = PBXGroup;
			children = (
				72FF3ACD253F470D0042B2A0 /* PrimaryButton.swift */,
				7286E51C2542BA940027A69B /* Checkbox.swift */,
				FAACAA92254B02CC005C3084 /* UIImage.swift */,
			);
			path = View;
			sourceTree = "<group>";
		};
		72FF3AD6253F58AF0042B2A0 /* Controller */ = {
			isa = PBXGroup;
			children = (
				723DE27E2548A8F200E39743 /* LoginViewController.swift */,
			);
			path = Controller;
			sourceTree = "<group>";
		};
		72FF3AD7253F58B40042B2A0 /* View */ = {
			isa = PBXGroup;
			children = (
				72FF3ACF253F511D0042B2A0 /* PhoneTextField.swift */,
				72FF3AD9253F58CD0042B2A0 /* LoginView.swift */,
				7286E5292542ECA70027A69B /* CodeConfirmationView.swift */,
				7286E52D254312C50027A69B /* NumberInputView.swift */,
			);
			path = View;
			sourceTree = "<group>";
		};
		F7CAAC032540B1440049390C /* Helpers */ = {
			isa = PBXGroup;
			children = (
				FA43AE8F2544937D00766652 /* TableHelper.swift */,
				F7CAAC002540A5000049390C /* GeneralGUISettings.swift */,
				F7FE9836254330E4009B89F5 /* BaseCustomUIComponents.swift */,
				FA050B6B2549A72E00CF363D /* AlertHelper.swift */,
				FA449610254C0BE40071E76F /* DateTimeHelper.swift */,
			);
			path = Helpers;
			sourceTree = "<group>";
		};
		F7FD685F253F72C600A67E07 /* SupportService */ = {
			isa = PBXGroup;
			children = (
				F7FD685C253F72BD00A67E07 /* SupportService.storyboard */,
				F709FFDB254458AE00A83A7C /* AddPhotoViewController.swift */,
				F7FD6860253F72DB00A67E07 /* SupportMessageViewController.swift */,
				F720A8A22547467B00B1BA7B /* SupportServiceStrings.swift */,
			);
			path = SupportService;
			sourceTree = "<group>";
		};
		FA05E78C254D75FF00A909A9 /* MainScreen */ = {
			isa = PBXGroup;
			children = (
				FA05E78E254D761900A909A9 /* Views */,
				FA05E790254D762000A909A9 /* Controllers */,
				FA05E791254D762400A909A9 /* ViewModels */,
				FA05E792254D762A00A909A9 /* Models */,
			);
			path = MainScreen;
			sourceTree = "<group>";
		};
		FA05E78E254D761900A909A9 /* Views */ = {
			isa = PBXGroup;
			children = (
				FA05E78F254D761C00A909A9 /* UI */,
				FA05E793254D764500A909A9 /* Main.storyboard */,
			);
			path = Views;
			sourceTree = "<group>";
		};
		FA05E78F254D761C00A909A9 /* UI */ = {
			isa = PBXGroup;
			children = (
			);
			path = UI;
			sourceTree = "<group>";
		};
		FA05E790254D762000A909A9 /* Controllers */ = {
			isa = PBXGroup;
			children = (
				FA3FD45E254D786800769610 /* MainViewController.swift */,
				FA3FD461254D787100769610 /* SideMenuViewController.swift */,
			);
			path = Controllers;
			sourceTree = "<group>";
		};
		FA05E791254D762400A909A9 /* ViewModels */ = {
			isa = PBXGroup;
			children = (
				FA3FD464254D846500769610 /* SideMenuViewModel.swift */,
			);
			path = ViewModels;
			sourceTree = "<group>";
		};
		FA05E792254D762A00A909A9 /* Models */ = {
			isa = PBXGroup;
			children = (
			);
			path = Models;
			sourceTree = "<group>";
		};
		FA2C80BE254AF88E00F82637 /* StringsHelpers */ = {
			isa = PBXGroup;
			children = (
				FA2C80BF254AF8A000F82637 /* SettingsStrings.swift */,
				FA2C80C3254AF8BD00F82637 /* PromotionsStrings.swift */,
				FA2C80C6254AF91F00F82637 /* PersonalDataStrings.swift */,
				FA3FD467254D84BE00769610 /* SideMenuStrings.swift */,
			);
			path = StringsHelpers;
			sourceTree = "<group>";
		};
		FA43AE84254490C300766652 /* Views */ = {
			isa = PBXGroup;
			children = (
				FA8CA7772546D0C2001FDE5E /* UI */,
				FA43AE8A2544911000766652 /* Settings.storyboard */,
			);
			path = Views;
			sourceTree = "<group>";
		};
		FA43AE86254490D300766652 /* Controllers */ = {
			isa = PBXGroup;
			children = (
				FAA0B6C825496D1D0020ACE7 /* SettingsViewController.swift */,
				FA44F2AE25459B080004A1C9 /* SettingsLanguageViewController.swift */,
				FA8CA7712546C873001FDE5E /* SettingsPersonalDataViewController.swift */,
				FA8CA77F2546D531001FDE5E /* AlertTextFieldViewController.swift */,
				FA3A0564254809A000C55447 /* SettingsAvailableSharesViewController.swift */,
				FA3A056F2548128600C55447 /* PromotionsViewController.swift */,
				FAACAA9C254B0973005C3084 /* PromotionDetailsViewController.swift */,
				FA2C80CC254AFA4200F82637 /* PromotionCollectionViewCell.swift */,
			);
			path = Controllers;
			sourceTree = "<group>";
		};
		FA43AE87254490DD00766652 /* Models */ = {
			isa = PBXGroup;
			children = (
				FAE81CA9254818D10082A6B5 /* Settings.swift */,
				FA050B6825499CF300CF363D /* Profile.swift */,
				FA2C80B9254AED1200F82637 /* Promotion.swift */,
				FA449609254C01000071E76F /* PromotionDetails.swift */,
			);
			path = Models;
			sourceTree = "<group>";
		};
		FA43AE88254490E000766652 /* ViewModels */ = {
			isa = PBXGroup;
			children = (
				FA43AE932544981E00766652 /* SettingsViewModel.swift */,
				FA44F2B125459B1F0004A1C9 /* SettingsLanguageViewModel.swift */,
				FA8CA7742546C8B8001FDE5E /* SettingsPersonalDataViewModel.swift */,
				FA3A056725480A1900C55447 /* SettingsAvailableSharesViewModel.swift */,
				FA2C80C9254AF96E00F82637 /* PromotionsViewModel.swift */,
				FAACAA9F254B0C13005C3084 /* PromotionDetailsViewModel.swift */,
			);
			path = ViewModels;
			sourceTree = "<group>";
		};
		FA8CA7772546D0C2001FDE5E /* UI */ = {
			isa = PBXGroup;
			children = (
				FA8CA7782546D0F8001FDE5E /* AlertButton.swift */,
				FA8CA77C2546D360001FDE5E /* AlertTextField.swift */,
			);
			path = UI;
			sourceTree = "<group>";
		};
		FAE81CA1254814AC0082A6B5 /* Repositories */ = {
			isa = PBXGroup;
			children = (
				FAE81CA6254815E40082A6B5 /* ServerApi.swift */,
			);
			path = Repositories;
			sourceTree = "<group>";
		};
		FAE8E5EA254AB8B5000DF2F7 /* Configurations */ = {
			isa = PBXGroup;
			children = (
				FAE8E5EB254AB8CE000DF2F7 /* UserConfig.swift */,
				FAE8E5EE254ABA0C000DF2F7 /* ApiConfig.swift */,
				FA81AE72254B364F00B74182 /* ServerConfig.swift */,
			);
			path = Configurations;
			sourceTree = "<group>";
		};
/* End PBXGroup section */

/* Begin PBXNativeTarget section */
		7240BF0E253E0E7600C00BB9 /* RideAndFood */ = {
			isa = PBXNativeTarget;
			buildConfigurationList = 7240BF23253E0E7A00C00BB9 /* Build configuration list for PBXNativeTarget "RideAndFood" */;
			buildPhases = (
				FC2EFC1717B447D30E11B712 /* [CP] Check Pods Manifest.lock */,
				7240BF0B253E0E7600C00BB9 /* Sources */,
				7240BF0C253E0E7600C00BB9 /* Frameworks */,
				7240BF0D253E0E7600C00BB9 /* Resources */,
				6B34789B1052C342B165BA8F /* [CP] Embed Pods Frameworks */,
			);
			buildRules = (
			);
			dependencies = (
			);
			name = RideAndFood;
			packageProductDependencies = (
				72FF3AC7253F46070042B2A0 /* InputMask */,
			);
			productName = RideAndFood;
			productReference = 7240BF0F253E0E7600C00BB9 /* RideAndFood.app */;
			productType = "com.apple.product-type.application";
		};
/* End PBXNativeTarget section */

/* Begin PBXProject section */
		7240BF07253E0E7600C00BB9 /* Project object */ = {
			isa = PBXProject;
			attributes = {
				LastSwiftUpdateCheck = 1170;
				LastUpgradeCheck = 1210;
				ORGANIZATIONNAME = skillbox;
				TargetAttributes = {
					7240BF0E253E0E7600C00BB9 = {
						CreatedOnToolsVersion = 11.7;
					};
				};
			};
			buildConfigurationList = 7240BF0A253E0E7600C00BB9 /* Build configuration list for PBXProject "RideAndFood" */;
			compatibilityVersion = "Xcode 12.0";
			developmentRegion = en;
			hasScannedForEncodings = 0;
			knownRegions = (
				en,
				Base,
			);
			mainGroup = 7240BF06253E0E7600C00BB9;
			packageReferences = (
				72FF3AC6253F46070042B2A0 /* XCRemoteSwiftPackageReference "input-mask-ios" */,
			);
			productRefGroup = 7240BF10253E0E7600C00BB9 /* Products */;
			projectDirPath = "";
			projectRoot = "";
			targets = (
				7240BF0E253E0E7600C00BB9 /* RideAndFood */,
			);
		};
/* End PBXProject section */

/* Begin PBXResourcesBuildPhase section */
		7240BF0D253E0E7600C00BB9 /* Resources */ = {
			isa = PBXResourcesBuildPhase;
			buildActionMask = 2147483647;
			files = (
				F7FD685D253F72BD00A67E07 /* SupportService.storyboard in Resources */,
				FA05E794254D764500A909A9 /* Main.storyboard in Resources */,
				F7891733254A14FD00849D27 /* LaunchScreen.storyboard in Resources */,
				FA43AE8B2544911000766652 /* Settings.storyboard in Resources */,
				FA050B862549AB0500CF363D /* Assets.xcassets in Resources */,
			);
			runOnlyForDeploymentPostprocessing = 0;
		};
/* End PBXResourcesBuildPhase section */

/* Begin PBXShellScriptBuildPhase section */
		6B34789B1052C342B165BA8F /* [CP] Embed Pods Frameworks */ = {
			isa = PBXShellScriptBuildPhase;
			buildActionMask = 2147483647;
			files = (
			);
			inputFileListPaths = (
				"${PODS_ROOT}/Target Support Files/Pods-RideAndFood/Pods-RideAndFood-frameworks-${CONFIGURATION}-input-files.xcfilelist",
			);
			name = "[CP] Embed Pods Frameworks";
			outputFileListPaths = (
				"${PODS_ROOT}/Target Support Files/Pods-RideAndFood/Pods-RideAndFood-frameworks-${CONFIGURATION}-output-files.xcfilelist",
			);
			runOnlyForDeploymentPostprocessing = 0;
			shellPath = /bin/sh;
			shellScript = "\"${PODS_ROOT}/Target Support Files/Pods-RideAndFood/Pods-RideAndFood-frameworks.sh\"\n";
			showEnvVarsInLog = 0;
		};
		FC2EFC1717B447D30E11B712 /* [CP] Check Pods Manifest.lock */ = {
			isa = PBXShellScriptBuildPhase;
			buildActionMask = 2147483647;
			files = (
			);
			inputFileListPaths = (
			);
			inputPaths = (
				"${PODS_PODFILE_DIR_PATH}/Podfile.lock",
				"${PODS_ROOT}/Manifest.lock",
			);
			name = "[CP] Check Pods Manifest.lock";
			outputFileListPaths = (
			);
			outputPaths = (
				"$(DERIVED_FILE_DIR)/Pods-RideAndFood-checkManifestLockResult.txt",
			);
			runOnlyForDeploymentPostprocessing = 0;
			shellPath = /bin/sh;
			shellScript = "diff \"${PODS_PODFILE_DIR_PATH}/Podfile.lock\" \"${PODS_ROOT}/Manifest.lock\" > /dev/null\nif [ $? != 0 ] ; then\n    # print error to STDERR\n    echo \"error: The sandbox is not in sync with the Podfile.lock. Run 'pod install' or update your CocoaPods installation.\" >&2\n    exit 1\nfi\n# This output is used by Xcode 'outputs' to avoid re-running this script phase.\necho \"SUCCESS\" > \"${SCRIPT_OUTPUT_FILE_0}\"\n";
			showEnvVarsInLog = 0;
		};
/* End PBXShellScriptBuildPhase section */

/* Begin PBXSourcesBuildPhase section */
		7240BF0B253E0E7600C00BB9 /* Sources */ = {
			isa = PBXSourcesBuildPhase;
			buildActionMask = 2147483647;
			files = (
				FA050B6C2549A72E00CF363D /* AlertHelper.swift in Sources */,
				FAACAA9D254B0973005C3084 /* PromotionDetailsViewController.swift in Sources */,
				723DE27F2548A8F200E39743 /* LoginViewController.swift in Sources */,
				7286E5252542E7610027A69B /* TermsOfUseViewController.swift in Sources */,
				72A1DBD62545A764005A047A /* BaseNetworkManager.swift in Sources */,
				72A1DBE92545BF24005A047A /* CodeConfirmationModel.swift in Sources */,
				FA44960A254C01000071E76F /* PromotionDetails.swift in Sources */,
				FAE8E5EF254ABA0C000DF2F7 /* ApiConfig.swift in Sources */,
				72A1DBE72545BF19005A047A /* CodeModel.swift in Sources */,
				72A1DBDC2545AC65005A047A /* HTTPMethod.swift in Sources */,
				F7E5E9CB254A17B60026ED71 /* AddPhotoViewController.swift in Sources */,
				7286E5282542E79D0027A69B /* TermsOfUseStrings.swift in Sources */,
				FA2C80C7254AF91F00F82637 /* PersonalDataStrings.swift in Sources */,
				FA050B7F2549AA9200CF363D /* AppDelegate.swift in Sources */,
				7286E5122542398F0027A69B /* FontsHelper.swift in Sources */,
				7286E52A2542ECA70027A69B /* CodeConfirmationView.swift in Sources */,
				7286E51B2542B9CB0027A69B /* ConstantsHelper.swift in Sources */,
				FA2C80C4254AF8BD00F82637 /* PromotionsStrings.swift in Sources */,
				FA2C80CD254AFA4200F82637 /* PromotionCollectionViewCell.swift in Sources */,
				7286E5202542DEA40027A69B /* TermsOfUseTextViewDelegate.swift in Sources */,
				7286E51425423A160027A69B /* LoginStrings.swift in Sources */,
				7240BF17253E0E7600C00BB9 /* ViewController.swift in Sources */,
				FAACAAA0254B0C13005C3084 /* PromotionDetailsViewModel.swift in Sources */,
				72A1DBE02545B424005A047A /* LoginInteractor.swift in Sources */,
				7286E51D2542BA940027A69B /* Checkbox.swift in Sources */,
				7286E52E254312C50027A69B /* NumberInputView.swift in Sources */,
				72FF3ADA253F58CD0042B2A0 /* LoginView.swift in Sources */,
				72A1DBEB2545BF94005A047A /* UserDataModel.swift in Sources */,
				72A1DBD92545AC45005A047A /* NetworkManager.swift in Sources */,
				72A1DBDE2545B23A005A047A /* RequestError.swift in Sources */,
				FA2C80CA254AF96E00F82637 /* PromotionsViewModel.swift in Sources */,
				72A1DBE22545B472005A047A /* Response.swift in Sources */,
				7286E52C254311AC0027A69B /* CodeConfirmationTextFieldDelegate.swift in Sources */,
				FA2C80C0254AF8A000F82637 /* SettingsStrings.swift in Sources */,
				F77DE255254A192C001338D8 /* BaseCustomUIComponents.swift in Sources */,
				72A1DBEF2545BFCD005A047A /* Language.swift in Sources */,
				FA3FD462254D787100769610 /* SideMenuViewController.swift in Sources */,
				FA3FD468254D84BE00769610 /* SideMenuStrings.swift in Sources */,
				72FF3AD0253F511D0042B2A0 /* PhoneTextField.swift in Sources */,
				F77DE253254A1928001338D8 /* GeneralGUISettings.swift in Sources */,
				7286E5102542380D0027A69B /* ColorHelper.swift in Sources */,
				FA3FD465254D846500769610 /* SideMenuViewModel.swift in Sources */,
				722C7CB325456F630086198C /* ResendCodeTextViewDelegate.swift in Sources */,
				FAE8E5EC254AB8CE000DF2F7 /* UserConfig.swift in Sources */,
				7286E51625423A640027A69B /* StringsHelper.swift in Sources */,
				72A1DBED2545BFA2005A047A /* SettingsModel.swift in Sources */,
				F7E5E9C7254A17AA0026ED71 /* SupportMessageViewController.swift in Sources */,
				FAACAA93254B02CC005C3084 /* UIImage.swift in Sources */,
				FA81AE73254B364F00B74182 /* ServerConfig.swift in Sources */,
				72FF3ACE253F470D0042B2A0 /* PrimaryButton.swift in Sources */,
				72A1DBE52545B5A9005A047A /* PhoneModel.swift in Sources */,
				FA44F2AF25459B080004A1C9 /* SettingsLanguageViewController.swift in Sources */,
				FA3FD45F254D786800769610 /* MainViewController.swift in Sources */,
				FA43AE942544981E00766652 /* SettingsViewModel.swift in Sources */,
				FAA0B6C925496D1D0020ACE7 /* SettingsViewController.swift in Sources */,
				FA050B6925499CF300CF363D /* Profile.swift in Sources */,
				FA8CA7802546D531001FDE5E /* AlertTextFieldViewController.swift in Sources */,
				FA8CA7752546C8B8001FDE5E /* SettingsPersonalDataViewModel.swift in Sources */,
				FA8CA77D2546D360001FDE5E /* AlertTextField.swift in Sources */,
				FAA0B6C525496CB80020ACE7 /* SceneDelegate.swift in Sources */,
				FA44F2B225459B1F0004A1C9 /* SettingsLanguageViewModel.swift in Sources */,
				FA43AE902544937D00766652 /* TableHelper.swift in Sources */,
				FAE81CA7254815E40082A6B5 /* ServerApi.swift in Sources */,
				FA8CA7722546C873001FDE5E /* SettingsPersonalDataViewController.swift in Sources */,
				FA8CA7792546D0F8001FDE5E /* AlertButton.swift in Sources */,
				FAE81CAA254818D10082A6B5 /* Settings.swift in Sources */,
				FA3A05702548128600C55447 /* PromotionsViewController.swift in Sources */,
				FA3A0565254809A000C55447 /* SettingsAvailableSharesViewController.swift in Sources */,
				FA449611254C0BE40071E76F /* DateTimeHelper.swift in Sources */,
				FA44960D254C0AC80071E76F /* Throwable.swift in Sources */,
				FA2C80BA254AED1200F82637 /* Promotion.swift in Sources */,
				F7E5E9C9254A17B40026ED71 /* SupportServiceStrings.swift in Sources */,
				FA3A056825480A1900C55447 /* SettingsAvailableSharesViewModel.swift in Sources */,
			);
			runOnlyForDeploymentPostprocessing = 0;
		};
/* End PBXSourcesBuildPhase section */

/* Begin XCBuildConfiguration section */
		7240BF21253E0E7A00C00BB9 /* Debug */ = {
			isa = XCBuildConfiguration;
			buildSettings = {
				ALWAYS_SEARCH_USER_PATHS = NO;
				CLANG_ANALYZER_NONNULL = YES;
				CLANG_ANALYZER_NUMBER_OBJECT_CONVERSION = YES_AGGRESSIVE;
				CLANG_CXX_LANGUAGE_STANDARD = "gnu++14";
				CLANG_CXX_LIBRARY = "libc++";
				CLANG_ENABLE_MODULES = YES;
				CLANG_ENABLE_OBJC_ARC = YES;
				CLANG_ENABLE_OBJC_WEAK = YES;
				CLANG_WARN_BLOCK_CAPTURE_AUTORELEASING = YES;
				CLANG_WARN_BOOL_CONVERSION = YES;
				CLANG_WARN_COMMA = YES;
				CLANG_WARN_CONSTANT_CONVERSION = YES;
				CLANG_WARN_DEPRECATED_OBJC_IMPLEMENTATIONS = YES;
				CLANG_WARN_DIRECT_OBJC_ISA_USAGE = YES_ERROR;
				CLANG_WARN_DOCUMENTATION_COMMENTS = YES;
				CLANG_WARN_EMPTY_BODY = YES;
				CLANG_WARN_ENUM_CONVERSION = YES;
				CLANG_WARN_INFINITE_RECURSION = YES;
				CLANG_WARN_INT_CONVERSION = YES;
				CLANG_WARN_NON_LITERAL_NULL_CONVERSION = YES;
				CLANG_WARN_OBJC_IMPLICIT_RETAIN_SELF = YES;
				CLANG_WARN_OBJC_LITERAL_CONVERSION = YES;
				CLANG_WARN_OBJC_ROOT_CLASS = YES_ERROR;
				CLANG_WARN_QUOTED_INCLUDE_IN_FRAMEWORK_HEADER = YES;
				CLANG_WARN_RANGE_LOOP_ANALYSIS = YES;
				CLANG_WARN_STRICT_PROTOTYPES = YES;
				CLANG_WARN_SUSPICIOUS_MOVE = YES;
				CLANG_WARN_UNGUARDED_AVAILABILITY = YES_AGGRESSIVE;
				CLANG_WARN_UNREACHABLE_CODE = YES;
				CLANG_WARN__DUPLICATE_METHOD_MATCH = YES;
				COPY_PHASE_STRIP = NO;
				DEBUG_INFORMATION_FORMAT = dwarf;
				ENABLE_STRICT_OBJC_MSGSEND = YES;
				ENABLE_TESTABILITY = YES;
				GCC_C_LANGUAGE_STANDARD = gnu11;
				GCC_DYNAMIC_NO_PIC = NO;
				GCC_NO_COMMON_BLOCKS = YES;
				GCC_OPTIMIZATION_LEVEL = 0;
				GCC_PREPROCESSOR_DEFINITIONS = (
					"DEBUG=1",
					"$(inherited)",
				);
				GCC_WARN_64_TO_32_BIT_CONVERSION = YES;
				GCC_WARN_ABOUT_RETURN_TYPE = YES_ERROR;
				GCC_WARN_UNDECLARED_SELECTOR = YES;
				GCC_WARN_UNINITIALIZED_AUTOS = YES_AGGRESSIVE;
				GCC_WARN_UNUSED_FUNCTION = YES;
				GCC_WARN_UNUSED_VARIABLE = YES;
				IPHONEOS_DEPLOYMENT_TARGET = 13.7;
				MTL_ENABLE_DEBUG_INFO = INCLUDE_SOURCE;
				MTL_FAST_MATH = YES;
				ONLY_ACTIVE_ARCH = YES;
				SDKROOT = iphoneos;
				SWIFT_ACTIVE_COMPILATION_CONDITIONS = DEBUG;
				SWIFT_OPTIMIZATION_LEVEL = "-Onone";
			};
			name = Debug;
		};
		7240BF22253E0E7A00C00BB9 /* Release */ = {
			isa = XCBuildConfiguration;
			buildSettings = {
				ALWAYS_SEARCH_USER_PATHS = NO;
				CLANG_ANALYZER_NONNULL = YES;
				CLANG_ANALYZER_NUMBER_OBJECT_CONVERSION = YES_AGGRESSIVE;
				CLANG_CXX_LANGUAGE_STANDARD = "gnu++14";
				CLANG_CXX_LIBRARY = "libc++";
				CLANG_ENABLE_MODULES = YES;
				CLANG_ENABLE_OBJC_ARC = YES;
				CLANG_ENABLE_OBJC_WEAK = YES;
				CLANG_WARN_BLOCK_CAPTURE_AUTORELEASING = YES;
				CLANG_WARN_BOOL_CONVERSION = YES;
				CLANG_WARN_COMMA = YES;
				CLANG_WARN_CONSTANT_CONVERSION = YES;
				CLANG_WARN_DEPRECATED_OBJC_IMPLEMENTATIONS = YES;
				CLANG_WARN_DIRECT_OBJC_ISA_USAGE = YES_ERROR;
				CLANG_WARN_DOCUMENTATION_COMMENTS = YES;
				CLANG_WARN_EMPTY_BODY = YES;
				CLANG_WARN_ENUM_CONVERSION = YES;
				CLANG_WARN_INFINITE_RECURSION = YES;
				CLANG_WARN_INT_CONVERSION = YES;
				CLANG_WARN_NON_LITERAL_NULL_CONVERSION = YES;
				CLANG_WARN_OBJC_IMPLICIT_RETAIN_SELF = YES;
				CLANG_WARN_OBJC_LITERAL_CONVERSION = YES;
				CLANG_WARN_OBJC_ROOT_CLASS = YES_ERROR;
				CLANG_WARN_QUOTED_INCLUDE_IN_FRAMEWORK_HEADER = YES;
				CLANG_WARN_RANGE_LOOP_ANALYSIS = YES;
				CLANG_WARN_STRICT_PROTOTYPES = YES;
				CLANG_WARN_SUSPICIOUS_MOVE = YES;
				CLANG_WARN_UNGUARDED_AVAILABILITY = YES_AGGRESSIVE;
				CLANG_WARN_UNREACHABLE_CODE = YES;
				CLANG_WARN__DUPLICATE_METHOD_MATCH = YES;
				COPY_PHASE_STRIP = NO;
				DEBUG_INFORMATION_FORMAT = "dwarf-with-dsym";
				ENABLE_NS_ASSERTIONS = NO;
				ENABLE_STRICT_OBJC_MSGSEND = YES;
				GCC_C_LANGUAGE_STANDARD = gnu11;
				GCC_NO_COMMON_BLOCKS = YES;
				GCC_WARN_64_TO_32_BIT_CONVERSION = YES;
				GCC_WARN_ABOUT_RETURN_TYPE = YES_ERROR;
				GCC_WARN_UNDECLARED_SELECTOR = YES;
				GCC_WARN_UNINITIALIZED_AUTOS = YES_AGGRESSIVE;
				GCC_WARN_UNUSED_FUNCTION = YES;
				GCC_WARN_UNUSED_VARIABLE = YES;
				IPHONEOS_DEPLOYMENT_TARGET = 13.7;
				MTL_ENABLE_DEBUG_INFO = NO;
				MTL_FAST_MATH = YES;
				SDKROOT = iphoneos;
				SWIFT_COMPILATION_MODE = wholemodule;
				SWIFT_OPTIMIZATION_LEVEL = "-O";
				VALIDATE_PRODUCT = YES;
			};
			name = Release;
		};
		7240BF24253E0E7A00C00BB9 /* Debug */ = {
			isa = XCBuildConfiguration;
			baseConfigurationReference = 59450567917FDB3850FEC3EC /* Pods-RideAndFood.debug.xcconfig */;
			buildSettings = {
				ASSETCATALOG_COMPILER_APPICON_NAME = AppIcon;
				CODE_SIGN_STYLE = Automatic;
				INFOPLIST_FILE = RideAndFood/SupportingFiles/Info.plist;
				IPHONEOS_DEPLOYMENT_TARGET = 13.0;
				LD_RUNPATH_SEARCH_PATHS = (
					"$(inherited)",
					"@executable_path/Frameworks",
				);
				PRODUCT_BUNDLE_IDENTIFIER = skillbox.RideAndFood;
				PRODUCT_NAME = "$(TARGET_NAME)";
				SWIFT_VERSION = 5.0;
				TARGETED_DEVICE_FAMILY = 1;
			};
			name = Debug;
		};
		7240BF25253E0E7A00C00BB9 /* Release */ = {
			isa = XCBuildConfiguration;
			baseConfigurationReference = 260608DF4629E155247171D4 /* Pods-RideAndFood.release.xcconfig */;
			buildSettings = {
				ASSETCATALOG_COMPILER_APPICON_NAME = AppIcon;
				CODE_SIGN_STYLE = Automatic;
				INFOPLIST_FILE = RideAndFood/SupportingFiles/Info.plist;
				IPHONEOS_DEPLOYMENT_TARGET = 13.0;
				LD_RUNPATH_SEARCH_PATHS = (
					"$(inherited)",
					"@executable_path/Frameworks",
				);
				ONLY_ACTIVE_ARCH = NO;
				PRODUCT_BUNDLE_IDENTIFIER = skillbox.RideAndFood;
				PRODUCT_NAME = "$(TARGET_NAME)";
				SWIFT_VERSION = 5.0;
				TARGETED_DEVICE_FAMILY = 1;
			};
			name = Release;
		};
/* End XCBuildConfiguration section */

/* Begin XCConfigurationList section */
		7240BF0A253E0E7600C00BB9 /* Build configuration list for PBXProject "RideAndFood" */ = {
			isa = XCConfigurationList;
			buildConfigurations = (
				7240BF21253E0E7A00C00BB9 /* Debug */,
				7240BF22253E0E7A00C00BB9 /* Release */,
			);
			defaultConfigurationIsVisible = 0;
			defaultConfigurationName = Release;
		};
		7240BF23253E0E7A00C00BB9 /* Build configuration list for PBXNativeTarget "RideAndFood" */ = {
			isa = XCConfigurationList;
			buildConfigurations = (
				7240BF24253E0E7A00C00BB9 /* Debug */,
				7240BF25253E0E7A00C00BB9 /* Release */,
			);
			defaultConfigurationIsVisible = 0;
			defaultConfigurationName = Release;
		};
/* End XCConfigurationList section */

/* Begin XCRemoteSwiftPackageReference section */
		72FF3AC6253F46070042B2A0 /* XCRemoteSwiftPackageReference "input-mask-ios" */ = {
			isa = XCRemoteSwiftPackageReference;
			repositoryURL = "https://github.com/RedMadRobot/input-mask-ios";
			requirement = {
				kind = upToNextMajorVersion;
				minimumVersion = 6.0.0;
			};
		};
/* End XCRemoteSwiftPackageReference section */

/* Begin XCSwiftPackageProductDependency section */
		72FF3AC7253F46070042B2A0 /* InputMask */ = {
			isa = XCSwiftPackageProductDependency;
			package = 72FF3AC6253F46070042B2A0 /* XCRemoteSwiftPackageReference "input-mask-ios" */;
			productName = InputMask;
		};
/* End XCSwiftPackageProductDependency section */
	};
	rootObject = 7240BF07253E0E7600C00BB9 /* Project object */;
}
